
Microsoft Visual Studio Solution File, Format Version 12.00
# Visual Studio 15
VisualStudioVersion = 15.0.27130.2026
MinimumVisualStudioVersion = 10.0.40219.1
Project("{2150E333-8FDC-42A3-9474-1A3956D46DE8}") = "build", "build", "{B94443D9-A5EE-4114-9C4F-F5C6B5401731}"
	ProjectSection(SolutionItems) = preProject
		AssemblyVersion.cs = AssemblyVersion.cs
		Directory.Build.props = Directory.Build.props
		Directory.Build.targets = Directory.Build.targets
		TfsAggregator.ico = TfsAggregator.ico
		tfsaggregator.svg = tfsaggregator.svg
	EndProjectSection
EndProject
Project("{2150E333-8FDC-42A3-9474-1A3956D46DE8}") = "docs", "docs", "{E0E7919C-5F01-45CC-A758-C3AF34F32F16}"
	ProjectSection(SolutionItems) = preProject
		CONTRIBUTING.md = CONTRIBUTING.md
		INSTALL.md = INSTALL.md
		LICENSE-2.0.txt = LICENSE-2.0.txt
		README.md = README.md
	EndProjectSection
EndProject
Project("{2150E333-8FDC-42A3-9474-1A3956D46DE8}") = "references", "references", "{6D32EAB0-0194-408F-91EB-B2E2E0125C3E}"
	ProjectSection(SolutionItems) = preProject
		References\2018\config.targets = References\2018\config.targets
		References\2018\Microsoft.TeamFoundation.Common.dll = References\2018\Microsoft.TeamFoundation.Common.dll
		References\2018\Microsoft.TeamFoundation.Framework.Server.dll = References\2018\Microsoft.TeamFoundation.Framework.Server.dll
		References\2018\Microsoft.TeamFoundation.Server.Core.dll = References\2018\Microsoft.TeamFoundation.Server.Core.dll
		References\2018\Microsoft.TeamFoundation.Server.Types.dll = References\2018\Microsoft.TeamFoundation.Server.Types.dll
		References\2018\Microsoft.TeamFoundation.WorkItemTracking.Server.Dataaccesslayer.dll = References\2018\Microsoft.TeamFoundation.WorkItemTracking.Server.Dataaccesslayer.dll
		References\2018\Microsoft.TeamFoundation.WorkItemTracking.Server.DataServices.dll = References\2018\Microsoft.TeamFoundation.WorkItemTracking.Server.DataServices.dll
		References\2018\Microsoft.TeamFoundation.WorkItemTracking.Server.dll = References\2018\Microsoft.TeamFoundation.WorkItemTracking.Server.dll
		References\2018\PLACEHOLDER.txt = References\2018\PLACEHOLDER.txt
	EndProjectSection
EndProject
Project("{2150E333-8FDC-42A3-9474-1A3956D46DE8}") = "Solution Items", "Solution Items", "{4EA36F79-382E-479C-9717-26F2292D1D72}"
	ProjectSection(SolutionItems) = preProject
		.gitignore = .gitignore
		TFS-Aggregator-2.ruleset = TFS-Aggregator-2.ruleset
		TFS-Aggregator-2.sln.DotSettings = TFS-Aggregator-2.sln.DotSettings
	EndProjectSection
EndProject
Project("{FAE04EC0-301F-11D3-BF4B-00C04F79EFBC}") = "Aggregator.WebHooks", "Aggregator.WebHooks\Aggregator.WebHooks.csproj", "{E017A788-AAE8-4F29-B677-04E175ABF5FE}"
EndProject
Project("{2150E333-8FDC-42A3-9474-1A3956D46DE8}") = "media", "media", "{A462E5C1-799D-482F-A252-949ED2DBDBD5}"
	ProjectSection(SolutionItems) = preProject
		media\0-error.png = media\0-error.png
		media\0-PAT1.png = media\0-PAT1.png
		media\0-PAT2.png = media\0-PAT2.png
		media\1-deploy1.png = media\1-deploy1.png
		media\1-deploy2.png = media\1-deploy2.png
		media\1-deploy3.png = media\1-deploy3.png
		media\1-deploy4-validate.png = media\1-deploy4-validate.png
		media\1-deploy5-redeploy.png = media\1-deploy5-redeploy.png
		media\2-config1.png = media\2-config1.png
		media\2-config2.png = media\2-config2.png
		media\2-config3.png = media\2-config3.png
		media\2-config4.png = media\2-config4.png
		media\2-config5.png = media\2-config5.png
		media\3-log1.png = media\3-log1.png
		media\3-log2.png = media\3-log2.png
		media\3-log3.png = media\3-log3.png
		media\4-hooks1.png = media\4-hooks1.png
		media\4-hooks2.png = media\4-hooks2.png
		media\4-hooks3.png = media\4-hooks3.png
		media\4-hooks4.png = media\4-hooks4.png
		media\4-hooks5.png = media\4-hooks5.png
		media\4-hooks6.png = media\4-hooks6.png
		media\4-hooks7.png = media\4-hooks7.png
		media\5-test1.png = media\5-test1.png
		media\5-test2.png = media\5-test2.png
	EndProjectSection
EndProject
Project("{2150E333-8FDC-42A3-9474-1A3956D46DE8}") = "deploy", "deploy", "{8B9F0871-CF69-4497-AFF8-44ACFDF729BC}"
	ProjectSection(SolutionItems) = preProject
		azuredeploy.json = azuredeploy.json
		samples\Create-Subscriptions.ps1 = samples\Create-Subscriptions.ps1
		samples\Delete-Subscriptions.ps1 = samples\Delete-Subscriptions.ps1
		samples\Deploy-TfsAggregatorWebHooks.ps1 = samples\Deploy-TfsAggregatorWebHooks.ps1
		samples\InstallData.ps1 = samples\InstallData.ps1
		InstallOnPremises.ps1 = InstallOnPremises.ps1
	EndProjectSection
EndProject
Project("{9A19103F-16F7-4668-BE54-9A1E7A4F7556}") = "Aggregator.Core", "Aggregator.Core\Aggregator.Core\Aggregator.Core.csproj", "{FEA76835-61B3-4FC7-9D6F-50D39A7A8258}"
EndProject
Project("{FAE04EC0-301F-11D3-BF4B-00C04F79EFBC}") = "UnitTest.WebHooks", "UnitTest.WebHooks\UnitTest.WebHooks.csproj", "{CFA9AD3A-6C83-4746-B9BB-5A18070DB847}"
EndProject
Project("{9A19103F-16F7-4668-BE54-9A1E7A4F7556}") = "UnitTests.Core", "Aggregator.Core\UnitTests.Core\UnitTests.Core.csproj", "{D8C3CC34-8057-4FDA-AE91-07A5223A7B68}"
EndProject
Global
	GlobalSection(SolutionConfigurationPlatforms) = preSolution
		Debug|Any CPU = Debug|Any CPU
		Debug|ia64 = Debug|ia64
		Debug-2013|Any CPU = Debug-2013|Any CPU
		Debug-2013|ia64 = Debug-2013|ia64
		Debug-2015.1|Any CPU = Debug-2015.1|Any CPU
		Debug-2015.1|ia64 = Debug-2015.1|ia64
		Debug-2015.2|Any CPU = Debug-2015.2|Any CPU
		Debug-2015.2|ia64 = Debug-2015.2|ia64
		Debug-2015|Any CPU = Debug-2015|Any CPU
		Debug-2015|ia64 = Debug-2015|ia64
		Debug-2017.2|Any CPU = Debug-2017.2|Any CPU
		Debug-2017.2|ia64 = Debug-2017.2|ia64
		Debug-2017|Any CPU = Debug-2017|Any CPU
		Debug-2017|ia64 = Debug-2017|ia64
		Debug-2018|Any CPU = Debug-2018|Any CPU
		Debug-2018|ia64 = Debug-2018|ia64
		Release|Any CPU = Release|Any CPU
		Release|ia64 = Release|ia64
		Release-2013|Any CPU = Release-2013|Any CPU
		Release-2013|ia64 = Release-2013|ia64
		Release-2015.1|Any CPU = Release-2015.1|Any CPU
		Release-2015.1|ia64 = Release-2015.1|ia64
		Release-2015.2|Any CPU = Release-2015.2|Any CPU
		Release-2015.2|ia64 = Release-2015.2|ia64
		Release-2015|Any CPU = Release-2015|Any CPU
		Release-2015|ia64 = Release-2015|ia64
		Release-2017.2|Any CPU = Release-2017.2|Any CPU
		Release-2017.2|ia64 = Release-2017.2|ia64
		Release-2017|Any CPU = Release-2017|Any CPU
		Release-2017|ia64 = Release-2017|ia64
		Release-2018|Any CPU = Release-2018|Any CPU
		Release-2018|ia64 = Release-2018|ia64
	EndGlobalSection
	GlobalSection(ProjectConfigurationPlatforms) = postSolution
		{E017A788-AAE8-4F29-B677-04E175ABF5FE}.Debug|Any CPU.ActiveCfg = Debug|Any CPU
		{E017A788-AAE8-4F29-B677-04E175ABF5FE}.Debug|Any CPU.Build.0 = Debug|Any CPU
		{E017A788-AAE8-4F29-B677-04E175ABF5FE}.Debug|ia64.ActiveCfg = Debug|Any CPU
		{E017A788-AAE8-4F29-B677-04E175ABF5FE}.Debug|ia64.Build.0 = Debug|Any CPU
		{E017A788-AAE8-4F29-B677-04E175ABF5FE}.Debug-2013|Any CPU.ActiveCfg = Debug|Any CPU
		{E017A788-AAE8-4F29-B677-04E175ABF5FE}.Debug-2013|ia64.ActiveCfg = Debug|Any CPU
		{E017A788-AAE8-4F29-B677-04E175ABF5FE}.Debug-2015.1|Any CPU.ActiveCfg = Debug|Any CPU
		{E017A788-AAE8-4F29-B677-04E175ABF5FE}.Debug-2015.1|ia64.ActiveCfg = Debug|Any CPU
		{E017A788-AAE8-4F29-B677-04E175ABF5FE}.Debug-2015.2|Any CPU.ActiveCfg = Debug|Any CPU
		{E017A788-AAE8-4F29-B677-04E175ABF5FE}.Debug-2015.2|ia64.ActiveCfg = Debug|Any CPU
		{E017A788-AAE8-4F29-B677-04E175ABF5FE}.Debug-2015|Any CPU.ActiveCfg = Debug|Any CPU
		{E017A788-AAE8-4F29-B677-04E175ABF5FE}.Debug-2015|ia64.ActiveCfg = Debug|Any CPU
		{E017A788-AAE8-4F29-B677-04E175ABF5FE}.Debug-2017.2|Any CPU.ActiveCfg = Debug|Any CPU
		{E017A788-AAE8-4F29-B677-04E175ABF5FE}.Debug-2017.2|ia64.ActiveCfg = Debug|Any CPU
		{E017A788-AAE8-4F29-B677-04E175ABF5FE}.Debug-2017|Any CPU.ActiveCfg = Debug|Any CPU
		{E017A788-AAE8-4F29-B677-04E175ABF5FE}.Debug-2017|ia64.ActiveCfg = Debug|Any CPU
		{E017A788-AAE8-4F29-B677-04E175ABF5FE}.Debug-2018|Any CPU.ActiveCfg = Debug|Any CPU
		{E017A788-AAE8-4F29-B677-04E175ABF5FE}.Debug-2018|ia64.ActiveCfg = Debug|Any CPU
		{E017A788-AAE8-4F29-B677-04E175ABF5FE}.Release|Any CPU.ActiveCfg = Release|Any CPU
		{E017A788-AAE8-4F29-B677-04E175ABF5FE}.Release|Any CPU.Build.0 = Release|Any CPU
		{E017A788-AAE8-4F29-B677-04E175ABF5FE}.Release|ia64.ActiveCfg = Release|Any CPU
		{E017A788-AAE8-4F29-B677-04E175ABF5FE}.Release-2013|Any CPU.ActiveCfg = Release|Any CPU
		{E017A788-AAE8-4F29-B677-04E175ABF5FE}.Release-2013|ia64.ActiveCfg = Release|Any CPU
		{E017A788-AAE8-4F29-B677-04E175ABF5FE}.Release-2015.1|Any CPU.ActiveCfg = Release|Any CPU
		{E017A788-AAE8-4F29-B677-04E175ABF5FE}.Release-2015.1|ia64.ActiveCfg = Release|Any CPU
		{E017A788-AAE8-4F29-B677-04E175ABF5FE}.Release-2015.2|Any CPU.ActiveCfg = Release|Any CPU
		{E017A788-AAE8-4F29-B677-04E175ABF5FE}.Release-2015.2|ia64.ActiveCfg = Release|Any CPU
		{E017A788-AAE8-4F29-B677-04E175ABF5FE}.Release-2015|Any CPU.ActiveCfg = Release|Any CPU
		{E017A788-AAE8-4F29-B677-04E175ABF5FE}.Release-2015|ia64.ActiveCfg = Release|Any CPU
		{E017A788-AAE8-4F29-B677-04E175ABF5FE}.Release-2017.2|Any CPU.ActiveCfg = Release|Any CPU
		{E017A788-AAE8-4F29-B677-04E175ABF5FE}.Release-2017.2|ia64.ActiveCfg = Release|Any CPU
		{E017A788-AAE8-4F29-B677-04E175ABF5FE}.Release-2017|Any CPU.ActiveCfg = Release|Any CPU
		{E017A788-AAE8-4F29-B677-04E175ABF5FE}.Release-2017|ia64.ActiveCfg = Release|Any CPU
		{E017A788-AAE8-4F29-B677-04E175ABF5FE}.Release-2018|Any CPU.ActiveCfg = Release|Any CPU
		{E017A788-AAE8-4F29-B677-04E175ABF5FE}.Release-2018|ia64.ActiveCfg = Release|Any CPU
		{FEA76835-61B3-4FC7-9D6F-50D39A7A8258}.Debug|Any CPU.ActiveCfg = Debug|Any CPU
		{FEA76835-61B3-4FC7-9D6F-50D39A7A8258}.Debug|Any CPU.Build.0 = Debug|Any CPU
		{FEA76835-61B3-4FC7-9D6F-50D39A7A8258}.Debug|ia64.ActiveCfg = Debug|Any CPU
		{FEA76835-61B3-4FC7-9D6F-50D39A7A8258}.Debug|ia64.Build.0 = Debug|Any CPU
		{FEA76835-61B3-4FC7-9D6F-50D39A7A8258}.Debug-2013|Any CPU.ActiveCfg = Debug|Any CPU
		{FEA76835-61B3-4FC7-9D6F-50D39A7A8258}.Debug-2013|Any CPU.Build.0 = Debug|Any CPU
		{FEA76835-61B3-4FC7-9D6F-50D39A7A8258}.Debug-2013|ia64.ActiveCfg = Debug|Any CPU
		{FEA76835-61B3-4FC7-9D6F-50D39A7A8258}.Debug-2013|ia64.Build.0 = Debug|Any CPU
		{FEA76835-61B3-4FC7-9D6F-50D39A7A8258}.Debug-2015.1|Any CPU.ActiveCfg = Debug|Any CPU
		{FEA76835-61B3-4FC7-9D6F-50D39A7A8258}.Debug-2015.1|Any CPU.Build.0 = Debug|Any CPU
		{FEA76835-61B3-4FC7-9D6F-50D39A7A8258}.Debug-2015.1|ia64.ActiveCfg = Debug|Any CPU
		{FEA76835-61B3-4FC7-9D6F-50D39A7A8258}.Debug-2015.1|ia64.Build.0 = Debug|Any CPU
		{FEA76835-61B3-4FC7-9D6F-50D39A7A8258}.Debug-2015.2|Any CPU.ActiveCfg = Debug|Any CPU
		{FEA76835-61B3-4FC7-9D6F-50D39A7A8258}.Debug-2015.2|Any CPU.Build.0 = Debug|Any CPU
		{FEA76835-61B3-4FC7-9D6F-50D39A7A8258}.Debug-2015.2|ia64.ActiveCfg = Debug|Any CPU
		{FEA76835-61B3-4FC7-9D6F-50D39A7A8258}.Debug-2015.2|ia64.Build.0 = Debug|Any CPU
		{FEA76835-61B3-4FC7-9D6F-50D39A7A8258}.Debug-2015|Any CPU.ActiveCfg = Debug|Any CPU
		{FEA76835-61B3-4FC7-9D6F-50D39A7A8258}.Debug-2015|Any CPU.Build.0 = Debug|Any CPU
		{FEA76835-61B3-4FC7-9D6F-50D39A7A8258}.Debug-2015|ia64.ActiveCfg = Debug|Any CPU
		{FEA76835-61B3-4FC7-9D6F-50D39A7A8258}.Debug-2015|ia64.Build.0 = Debug|Any CPU
		{FEA76835-61B3-4FC7-9D6F-50D39A7A8258}.Debug-2017.2|Any CPU.ActiveCfg = Debug|Any CPU
		{FEA76835-61B3-4FC7-9D6F-50D39A7A8258}.Debug-2017.2|Any CPU.Build.0 = Debug|Any CPU
		{FEA76835-61B3-4FC7-9D6F-50D39A7A8258}.Debug-2017.2|ia64.ActiveCfg = Debug|Any CPU
		{FEA76835-61B3-4FC7-9D6F-50D39A7A8258}.Debug-2017.2|ia64.Build.0 = Debug|Any CPU
		{FEA76835-61B3-4FC7-9D6F-50D39A7A8258}.Debug-2017|Any CPU.ActiveCfg = Debug|Any CPU
		{FEA76835-61B3-4FC7-9D6F-50D39A7A8258}.Debug-2017|Any CPU.Build.0 = Debug|Any CPU
		{FEA76835-61B3-4FC7-9D6F-50D39A7A8258}.Debug-2017|ia64.ActiveCfg = Debug|Any CPU
		{FEA76835-61B3-4FC7-9D6F-50D39A7A8258}.Debug-2017|ia64.Build.0 = Debug|Any CPU
		{FEA76835-61B3-4FC7-9D6F-50D39A7A8258}.Debug-2018|Any CPU.ActiveCfg = Debug|Any CPU
		{FEA76835-61B3-4FC7-9D6F-50D39A7A8258}.Debug-2018|Any CPU.Build.0 = Debug|Any CPU
		{FEA76835-61B3-4FC7-9D6F-50D39A7A8258}.Debug-2018|ia64.ActiveCfg = Debug|Any CPU
		{FEA76835-61B3-4FC7-9D6F-50D39A7A8258}.Debug-2018|ia64.Build.0 = Debug|Any CPU
		{FEA76835-61B3-4FC7-9D6F-50D39A7A8258}.Release|Any CPU.ActiveCfg = Release|Any CPU
		{FEA76835-61B3-4FC7-9D6F-50D39A7A8258}.Release|Any CPU.Build.0 = Release|Any CPU
		{FEA76835-61B3-4FC7-9D6F-50D39A7A8258}.Release|ia64.ActiveCfg = Release|Any CPU
		{FEA76835-61B3-4FC7-9D6F-50D39A7A8258}.Release|ia64.Build.0 = Release|Any CPU
		{FEA76835-61B3-4FC7-9D6F-50D39A7A8258}.Release-2013|Any CPU.ActiveCfg = Release|Any CPU
		{FEA76835-61B3-4FC7-9D6F-50D39A7A8258}.Release-2013|Any CPU.Build.0 = Release|Any CPU
		{FEA76835-61B3-4FC7-9D6F-50D39A7A8258}.Release-2013|ia64.ActiveCfg = Release|Any CPU
		{FEA76835-61B3-4FC7-9D6F-50D39A7A8258}.Release-2013|ia64.Build.0 = Release|Any CPU
		{FEA76835-61B3-4FC7-9D6F-50D39A7A8258}.Release-2015.1|Any CPU.ActiveCfg = Release|Any CPU
		{FEA76835-61B3-4FC7-9D6F-50D39A7A8258}.Release-2015.1|Any CPU.Build.0 = Release|Any CPU
		{FEA76835-61B3-4FC7-9D6F-50D39A7A8258}.Release-2015.1|ia64.ActiveCfg = Release|Any CPU
		{FEA76835-61B3-4FC7-9D6F-50D39A7A8258}.Release-2015.1|ia64.Build.0 = Release|Any CPU
		{FEA76835-61B3-4FC7-9D6F-50D39A7A8258}.Release-2015.2|Any CPU.ActiveCfg = Release|Any CPU
		{FEA76835-61B3-4FC7-9D6F-50D39A7A8258}.Release-2015.2|Any CPU.Build.0 = Release|Any CPU
		{FEA76835-61B3-4FC7-9D6F-50D39A7A8258}.Release-2015.2|ia64.ActiveCfg = Release|Any CPU
		{FEA76835-61B3-4FC7-9D6F-50D39A7A8258}.Release-2015.2|ia64.Build.0 = Release|Any CPU
		{FEA76835-61B3-4FC7-9D6F-50D39A7A8258}.Release-2015|Any CPU.ActiveCfg = Release|Any CPU
		{FEA76835-61B3-4FC7-9D6F-50D39A7A8258}.Release-2015|Any CPU.Build.0 = Release|Any CPU
		{FEA76835-61B3-4FC7-9D6F-50D39A7A8258}.Release-2015|ia64.ActiveCfg = Release|Any CPU
		{FEA76835-61B3-4FC7-9D6F-50D39A7A8258}.Release-2015|ia64.Build.0 = Release|Any CPU
		{FEA76835-61B3-4FC7-9D6F-50D39A7A8258}.Release-2017.2|Any CPU.ActiveCfg = Release|Any CPU
		{FEA76835-61B3-4FC7-9D6F-50D39A7A8258}.Release-2017.2|Any CPU.Build.0 = Release|Any CPU
		{FEA76835-61B3-4FC7-9D6F-50D39A7A8258}.Release-2017.2|ia64.ActiveCfg = Release|Any CPU
		{FEA76835-61B3-4FC7-9D6F-50D39A7A8258}.Release-2017.2|ia64.Build.0 = Release|Any CPU
		{FEA76835-61B3-4FC7-9D6F-50D39A7A8258}.Release-2017|Any CPU.ActiveCfg = Release|Any CPU
		{FEA76835-61B3-4FC7-9D6F-50D39A7A8258}.Release-2017|Any CPU.Build.0 = Release|Any CPU
		{FEA76835-61B3-4FC7-9D6F-50D39A7A8258}.Release-2017|ia64.ActiveCfg = Release|Any CPU
		{FEA76835-61B3-4FC7-9D6F-50D39A7A8258}.Release-2017|ia64.Build.0 = Release|Any CPU
		{FEA76835-61B3-4FC7-9D6F-50D39A7A8258}.Release-2018|Any CPU.ActiveCfg = Release|Any CPU
		{FEA76835-61B3-4FC7-9D6F-50D39A7A8258}.Release-2018|Any CPU.Build.0 = Release|Any CPU
		{FEA76835-61B3-4FC7-9D6F-50D39A7A8258}.Release-2018|ia64.ActiveCfg = Release|Any CPU
		{FEA76835-61B3-4FC7-9D6F-50D39A7A8258}.Release-2018|ia64.Build.0 = Release|Any CPU
		{CFA9AD3A-6C83-4746-B9BB-5A18070DB847}.Debug|Any CPU.ActiveCfg = Debug|Any CPU
		{CFA9AD3A-6C83-4746-B9BB-5A18070DB847}.Debug|Any CPU.Build.0 = Debug|Any CPU
		{CFA9AD3A-6C83-4746-B9BB-5A18070DB847}.Debug|ia64.ActiveCfg = Debug|Any CPU
		{CFA9AD3A-6C83-4746-B9BB-5A18070DB847}.Debug|ia64.Build.0 = Debug|Any CPU
		{CFA9AD3A-6C83-4746-B9BB-5A18070DB847}.Debug-2013|Any CPU.ActiveCfg = Debug|Any CPU
		{CFA9AD3A-6C83-4746-B9BB-5A18070DB847}.Debug-2013|ia64.ActiveCfg = Debug|Any CPU
		{CFA9AD3A-6C83-4746-B9BB-5A18070DB847}.Debug-2015.1|Any CPU.ActiveCfg = Debug|Any CPU
		{CFA9AD3A-6C83-4746-B9BB-5A18070DB847}.Debug-2015.1|ia64.ActiveCfg = Debug|Any CPU
		{CFA9AD3A-6C83-4746-B9BB-5A18070DB847}.Debug-2015.2|Any CPU.ActiveCfg = Debug|Any CPU
		{CFA9AD3A-6C83-4746-B9BB-5A18070DB847}.Debug-2015.2|ia64.ActiveCfg = Debug|Any CPU
		{CFA9AD3A-6C83-4746-B9BB-5A18070DB847}.Debug-2015|Any CPU.ActiveCfg = Debug|Any CPU
		{CFA9AD3A-6C83-4746-B9BB-5A18070DB847}.Debug-2015|ia64.ActiveCfg = Debug|Any CPU
		{CFA9AD3A-6C83-4746-B9BB-5A18070DB847}.Debug-2017.2|Any CPU.ActiveCfg = Debug|Any CPU
		{CFA9AD3A-6C83-4746-B9BB-5A18070DB847}.Debug-2017.2|ia64.ActiveCfg = Debug|Any CPU
		{CFA9AD3A-6C83-4746-B9BB-5A18070DB847}.Debug-2017|Any CPU.ActiveCfg = Debug|Any CPU
		{CFA9AD3A-6C83-4746-B9BB-5A18070DB847}.Debug-2017|ia64.ActiveCfg = Debug|Any CPU
		{CFA9AD3A-6C83-4746-B9BB-5A18070DB847}.Debug-2018|Any CPU.ActiveCfg = Debug|Any CPU
		{CFA9AD3A-6C83-4746-B9BB-5A18070DB847}.Debug-2018|ia64.ActiveCfg = Debug|Any CPU
		{CFA9AD3A-6C83-4746-B9BB-5A18070DB847}.Release|Any CPU.ActiveCfg = Release|Any CPU
		{CFA9AD3A-6C83-4746-B9BB-5A18070DB847}.Release|Any CPU.Build.0 = Release|Any CPU
		{CFA9AD3A-6C83-4746-B9BB-5A18070DB847}.Release|ia64.ActiveCfg = Release|Any CPU
		{CFA9AD3A-6C83-4746-B9BB-5A18070DB847}.Release|ia64.Build.0 = Release|Any CPU
		{CFA9AD3A-6C83-4746-B9BB-5A18070DB847}.Release-2013|Any CPU.ActiveCfg = Release|Any CPU
		{CFA9AD3A-6C83-4746-B9BB-5A18070DB847}.Release-2013|ia64.ActiveCfg = Release|Any CPU
		{CFA9AD3A-6C83-4746-B9BB-5A18070DB847}.Release-2015.1|Any CPU.ActiveCfg = Release|Any CPU
		{CFA9AD3A-6C83-4746-B9BB-5A18070DB847}.Release-2015.1|ia64.ActiveCfg = Release|Any CPU
		{CFA9AD3A-6C83-4746-B9BB-5A18070DB847}.Release-2015.2|Any CPU.ActiveCfg = Release|Any CPU
		{CFA9AD3A-6C83-4746-B9BB-5A18070DB847}.Release-2015.2|ia64.ActiveCfg = Release|Any CPU
		{CFA9AD3A-6C83-4746-B9BB-5A18070DB847}.Release-2015|Any CPU.ActiveCfg = Release|Any CPU
		{CFA9AD3A-6C83-4746-B9BB-5A18070DB847}.Release-2015|ia64.ActiveCfg = Release|Any CPU
		{CFA9AD3A-6C83-4746-B9BB-5A18070DB847}.Release-2017.2|Any CPU.ActiveCfg = Release|Any CPU
		{CFA9AD3A-6C83-4746-B9BB-5A18070DB847}.Release-2017.2|ia64.ActiveCfg = Release|Any CPU
		{CFA9AD3A-6C83-4746-B9BB-5A18070DB847}.Release-2017|Any CPU.ActiveCfg = Release|Any CPU
		{CFA9AD3A-6C83-4746-B9BB-5A18070DB847}.Release-2017|ia64.ActiveCfg = Release|Any CPU
		{CFA9AD3A-6C83-4746-B9BB-5A18070DB847}.Release-2018|Any CPU.ActiveCfg = Release|Any CPU
		{CFA9AD3A-6C83-4746-B9BB-5A18070DB847}.Release-2018|ia64.ActiveCfg = Release|Any CPU
		{D8C3CC34-8057-4FDA-AE91-07A5223A7B68}.Debug|Any CPU.ActiveCfg = Debug|Any CPU
		{D8C3CC34-8057-4FDA-AE91-07A5223A7B68}.Debug|Any CPU.Build.0 = Debug|Any CPU
		{D8C3CC34-8057-4FDA-AE91-07A5223A7B68}.Debug|ia64.ActiveCfg = Debug|Any CPU
		{D8C3CC34-8057-4FDA-AE91-07A5223A7B68}.Debug|ia64.Build.0 = Debug|Any CPU
		{D8C3CC34-8057-4FDA-AE91-07A5223A7B68}.Debug-2013|Any CPU.ActiveCfg = Debug-2013|Any CPU
		{D8C3CC34-8057-4FDA-AE91-07A5223A7B68}.Debug-2013|Any CPU.Build.0 = Debug-2013|Any CPU
		{D8C3CC34-8057-4FDA-AE91-07A5223A7B68}.Debug-2013|ia64.ActiveCfg = Debug-2013|Any CPU
		{D8C3CC34-8057-4FDA-AE91-07A5223A7B68}.Debug-2013|ia64.Build.0 = Debug-2013|Any CPU
		{D8C3CC34-8057-4FDA-AE91-07A5223A7B68}.Debug-2015.1|Any CPU.ActiveCfg = Debug-2015.1|Any CPU
		{D8C3CC34-8057-4FDA-AE91-07A5223A7B68}.Debug-2015.1|Any CPU.Build.0 = Debug-2015.1|Any CPU
		{D8C3CC34-8057-4FDA-AE91-07A5223A7B68}.Debug-2015.1|ia64.ActiveCfg = Debug-2015.1|Any CPU
		{D8C3CC34-8057-4FDA-AE91-07A5223A7B68}.Debug-2015.1|ia64.Build.0 = Debug-2015.1|Any CPU
		{D8C3CC34-8057-4FDA-AE91-07A5223A7B68}.Debug-2015.2|Any CPU.ActiveCfg = Debug-2015.2|Any CPU
		{D8C3CC34-8057-4FDA-AE91-07A5223A7B68}.Debug-2015.2|Any CPU.Build.0 = Debug-2015.2|Any CPU
		{D8C3CC34-8057-4FDA-AE91-07A5223A7B68}.Debug-2015.2|ia64.ActiveCfg = Debug-2015.2|Any CPU
		{D8C3CC34-8057-4FDA-AE91-07A5223A7B68}.Debug-2015.2|ia64.Build.0 = Debug-2015.2|Any CPU
		{D8C3CC34-8057-4FDA-AE91-07A5223A7B68}.Debug-2015|Any CPU.ActiveCfg = Debug-2015|Any CPU
		{D8C3CC34-8057-4FDA-AE91-07A5223A7B68}.Debug-2015|Any CPU.Build.0 = Debug-2015|Any CPU
		{D8C3CC34-8057-4FDA-AE91-07A5223A7B68}.Debug-2015|ia64.ActiveCfg = Debug-2015|Any CPU
		{D8C3CC34-8057-4FDA-AE91-07A5223A7B68}.Debug-2015|ia64.Build.0 = Debug-2015|Any CPU
		{D8C3CC34-8057-4FDA-AE91-07A5223A7B68}.Debug-2017.2|Any CPU.ActiveCfg = Debug-2017.2|Any CPU
		{D8C3CC34-8057-4FDA-AE91-07A5223A7B68}.Debug-2017.2|Any CPU.Build.0 = Debug-2017.2|Any CPU
		{D8C3CC34-8057-4FDA-AE91-07A5223A7B68}.Debug-2017.2|ia64.ActiveCfg = Debug-2017.2|Any CPU
		{D8C3CC34-8057-4FDA-AE91-07A5223A7B68}.Debug-2017.2|ia64.Build.0 = Debug-2017.2|Any CPU
		{D8C3CC34-8057-4FDA-AE91-07A5223A7B68}.Debug-2017|Any CPU.ActiveCfg = Debug-2017|Any CPU
		{D8C3CC34-8057-4FDA-AE91-07A5223A7B68}.Debug-2017|Any CPU.Build.0 = Debug-2017|Any CPU
		{D8C3CC34-8057-4FDA-AE91-07A5223A7B68}.Debug-2017|ia64.ActiveCfg = Debug-2017|Any CPU
		{D8C3CC34-8057-4FDA-AE91-07A5223A7B68}.Debug-2017|ia64.Build.0 = Debug-2017|Any CPU
		{D8C3CC34-8057-4FDA-AE91-07A5223A7B68}.Debug-2018|Any CPU.ActiveCfg = Debug-2018|Any CPU
		{D8C3CC34-8057-4FDA-AE91-07A5223A7B68}.Debug-2018|Any CPU.Build.0 = Debug-2018|Any CPU
		{D8C3CC34-8057-4FDA-AE91-07A5223A7B68}.Debug-2018|ia64.ActiveCfg = Debug-2018|Any CPU
		{D8C3CC34-8057-4FDA-AE91-07A5223A7B68}.Debug-2018|ia64.Build.0 = Debug-2018|Any CPU
		{D8C3CC34-8057-4FDA-AE91-07A5223A7B68}.Release|Any CPU.ActiveCfg = Release|Any CPU
		{D8C3CC34-8057-4FDA-AE91-07A5223A7B68}.Release|Any CPU.Build.0 = Release|Any CPU
		{D8C3CC34-8057-4FDA-AE91-07A5223A7B68}.Release|ia64.ActiveCfg = Release|Any CPU
		{D8C3CC34-8057-4FDA-AE91-07A5223A7B68}.Release|ia64.Build.0 = Release|Any CPU
		{D8C3CC34-8057-4FDA-AE91-07A5223A7B68}.Release-2013|Any CPU.ActiveCfg = Release-2013|Any CPU
		{D8C3CC34-8057-4FDA-AE91-07A5223A7B68}.Release-2013|Any CPU.Build.0 = Release-2013|Any CPU
		{D8C3CC34-8057-4FDA-AE91-07A5223A7B68}.Release-2013|ia64.ActiveCfg = Release-2013|Any CPU
		{D8C3CC34-8057-4FDA-AE91-07A5223A7B68}.Release-2013|ia64.Build.0 = Release-2013|Any CPU
		{D8C3CC34-8057-4FDA-AE91-07A5223A7B68}.Release-2015.1|Any CPU.ActiveCfg = Release-2015.1|Any CPU
		{D8C3CC34-8057-4FDA-AE91-07A5223A7B68}.Release-2015.1|Any CPU.Build.0 = Release-2015.1|Any CPU
		{D8C3CC34-8057-4FDA-AE91-07A5223A7B68}.Release-2015.1|ia64.ActiveCfg = Release-2015.1|Any CPU
		{D8C3CC34-8057-4FDA-AE91-07A5223A7B68}.Release-2015.1|ia64.Build.0 = Release-2015.1|Any CPU
		{D8C3CC34-8057-4FDA-AE91-07A5223A7B68}.Release-2015.2|Any CPU.ActiveCfg = Release-2015.2|Any CPU
		{D8C3CC34-8057-4FDA-AE91-07A5223A7B68}.Release-2015.2|Any CPU.Build.0 = Release-2015.2|Any CPU
		{D8C3CC34-8057-4FDA-AE91-07A5223A7B68}.Release-2015.2|ia64.ActiveCfg = Release-2015.2|Any CPU
		{D8C3CC34-8057-4FDA-AE91-07A5223A7B68}.Release-2015.2|ia64.Build.0 = Release-2015.2|Any CPU
		{D8C3CC34-8057-4FDA-AE91-07A5223A7B68}.Release-2015|Any CPU.ActiveCfg = Release-2015|Any CPU
		{D8C3CC34-8057-4FDA-AE91-07A5223A7B68}.Release-2015|Any CPU.Build.0 = Release-2015|Any CPU
		{D8C3CC34-8057-4FDA-AE91-07A5223A7B68}.Release-2015|ia64.ActiveCfg = Release-2015|Any CPU
		{D8C3CC34-8057-4FDA-AE91-07A5223A7B68}.Release-2015|ia64.Build.0 = Release-2015|Any CPU
		{D8C3CC34-8057-4FDA-AE91-07A5223A7B68}.Release-2017.2|Any CPU.ActiveCfg = Release-2017.2|Any CPU
		{D8C3CC34-8057-4FDA-AE91-07A5223A7B68}.Release-2017.2|Any CPU.Build.0 = Release-2017.2|Any CPU
		{D8C3CC34-8057-4FDA-AE91-07A5223A7B68}.Release-2017.2|ia64.ActiveCfg = Release-2017.2|Any CPU
		{D8C3CC34-8057-4FDA-AE91-07A5223A7B68}.Release-2017.2|ia64.Build.0 = Release-2017.2|Any CPU
		{D8C3CC34-8057-4FDA-AE91-07A5223A7B68}.Release-2017|Any CPU.ActiveCfg = Release-2017|Any CPU
		{D8C3CC34-8057-4FDA-AE91-07A5223A7B68}.Release-2017|Any CPU.Build.0 = Release-2017|Any CPU
		{D8C3CC34-8057-4FDA-AE91-07A5223A7B68}.Release-2017|ia64.ActiveCfg = Release-2017|Any CPU
		{D8C3CC34-8057-4FDA-AE91-07A5223A7B68}.Release-2017|ia64.Build.0 = Release-2017|Any CPU
		{D8C3CC34-8057-4FDA-AE91-07A5223A7B68}.Release-2018|Any CPU.ActiveCfg = Release-2018|Any CPU
		{D8C3CC34-8057-4FDA-AE91-07A5223A7B68}.Release-2018|Any CPU.Build.0 = Release-2018|Any CPU
		{D8C3CC34-8057-4FDA-AE91-07A5223A7B68}.Release-2018|ia64.ActiveCfg = Release-2018|Any CPU
		{D8C3CC34-8057-4FDA-AE91-07A5223A7B68}.Release-2018|ia64.Build.0 = Release-2018|Any CPU
	EndGlobalSection
	GlobalSection(SolutionProperties) = preSolution
		HideSolutionNode = FALSE
	EndGlobalSection
	GlobalSection(NestedProjects) = preSolution
		{A462E5C1-799D-482F-A252-949ED2DBDBD5} = {E0E7919C-5F01-45CC-A758-C3AF34F32F16}
	EndGlobalSection
	GlobalSection(ExtensibilityGlobals) = postSolution
		SolutionGuid = {DB728C71-175F-46C0-AC5D-E94F1CC80CE0}
	EndGlobalSection
EndGlobal
