
Microsoft Visual Studio Solution File, Format Version 12.00
# Visual Studio 15
VisualStudioVersion = 15.0.27130.2024
MinimumVisualStudioVersion = 10.0.40219.1
Project("{9A19103F-16F7-4668-BE54-9A1E7A4F7556}") = "Aggregator.ServerPlugin", "Aggregator.ServerPlugin\Aggregator.ServerPlugin.csproj", "{D0AD5141-0772-4FFA-8B55-DF3BA4429E4E}"
EndProject
Project("{2150E333-8FDC-42A3-9474-1A3956D46DE8}") = "build", "build", "{B94443D9-A5EE-4114-9C4F-F5C6B5401731}"
	ProjectSection(SolutionItems) = preProject
		build-installer.cmd = build-installer.cmd
		build-installer.proj = build-installer.proj
		Directory.Build.props = Directory.Build.props
		Directory.Build.targets = Directory.Build.targets
		TfsAggregator.ico = TfsAggregator.ico
		tfsaggregator.svg = tfsaggregator.svg
	EndProjectSection
EndProject
Project("{2150E333-8FDC-42A3-9474-1A3956D46DE8}") = "docs", "docs", "{E0E7919C-5F01-45CC-A758-C3AF34F32F16}"
	ProjectSection(SolutionItems) = preProject
		CONTRIBUTING.md = CONTRIBUTING.md
		LICENSE-2.0.txt = LICENSE-2.0.txt
		README.md = README.md
	EndProjectSection
EndProject
Project("{2150E333-8FDC-42A3-9474-1A3956D46DE8}") = "references", "references", "{6D32EAB0-0194-408F-91EB-B2E2E0125C3E}"
EndProject
Project("{2150E333-8FDC-42A3-9474-1A3956D46DE8}") = "samples", "samples", "{B1913F70-5A32-4EAE-BDD2-0C46295656A6}"
	ProjectSection(SolutionItems) = preProject
		samples\install.ps1 = samples\install.ps1
		samples\TFSAggregator2.ServerPlugin.policies = samples\TFSAggregator2.ServerPlugin.policies
		samples\uninstall.ps1 = samples\uninstall.ps1
	EndProjectSection
EndProject
Project("{9A19103F-16F7-4668-BE54-9A1E7A4F7556}") = "Aggregator.ConsoleApp", "Aggregator.ConsoleApp\Aggregator.ConsoleApp.csproj", "{200CF240-476E-4429-A8FC-66001806A2DE}"
EndProject
Project("{2150E333-8FDC-42A3-9474-1A3956D46DE8}") = "SimpleRollup", "SimpleRollup", "{17EF831E-EB65-431C-B398-4FED5CA44F98}"
	ProjectSection(SolutionItems) = preProject
		samples\SimpleRollup\install.ps1 = samples\SimpleRollup\install.ps1
		samples\SimpleRollup\Requirement.xml = samples\SimpleRollup\Requirement.xml
		samples\SimpleRollup\Simple rollup sample.md = samples\SimpleRollup\Simple rollup sample.md
		UnitTests.Core\ConfigurationsForTests\SimpleRollup.policies = UnitTests.Core\ConfigurationsForTests\SimpleRollup.policies
	EndProjectSection
EndProject
Project("{2150E333-8FDC-42A3-9474-1A3956D46DE8}") = "Solution Items", "Solution Items", "{4EA36F79-382E-479C-9717-26F2292D1D72}"
	ProjectSection(SolutionItems) = preProject
		.gitignore = .gitignore
		TFS-Aggregator-2.ruleset = TFS-Aggregator-2.ruleset
		TFS-Aggregator-2.sln.DotSettings = TFS-Aggregator-2.sln.DotSettings
		TFS-Aggregator-2.sln.GhostDoc.xml = TFS-Aggregator-2.sln.GhostDoc.xml
	EndProjectSection
EndProject
Project("{2150E333-8FDC-42A3-9474-1A3956D46DE8}") = "2013", "2013", "{79BBE553-2E3E-4D63-9369-4BDC30523FF1}"
	ProjectSection(SolutionItems) = preProject
		References\2013\config.targets = References\2013\config.targets
		References\2013\PLACEHOLDER.txt = References\2013\PLACEHOLDER.txt
	EndProjectSection
EndProject
Project("{2150E333-8FDC-42A3-9474-1A3956D46DE8}") = "2015", "2015", "{14D62C28-52D1-4267-A40A-80D31A5135CA}"
	ProjectSection(SolutionItems) = preProject
		References\2015\config.targets = References\2015\config.targets
		References\2015\PLACEHOLDER.txt = References\2015\PLACEHOLDER.txt
	EndProjectSection
EndProject
Project("{2150E333-8FDC-42A3-9474-1A3956D46DE8}") = "installer", "installer", "{E56DE6FC-74A4-4865-BFAD-8F330BC5618F}"
	ProjectSection(SolutionItems) = preProject
		Setup.Aggregator\Product.wxs = Setup.Aggregator\Product.wxs
		Setup.Aggregator\Setup.Aggregator.wixproj = Setup.Aggregator\Setup.Aggregator.wixproj
	EndProjectSection
EndProject
Project("{2150E333-8FDC-42A3-9474-1A3956D46DE8}") = "HeatTransforms", "HeatTransforms", "{EAB2B1DE-FCBF-49F0-9BB8-E29F709E4002}"
	ProjectSection(SolutionItems) = preProject
		Setup.Aggregator\T2013.xslt = Setup.Aggregator\T2013.xslt
		Setup.Aggregator\T2015.1.xslt = Setup.Aggregator\T2015.1.xslt
		Setup.Aggregator\T2015.2.xslt = Setup.Aggregator\T2015.2.xslt
		Setup.Aggregator\T2015.xslt = Setup.Aggregator\T2015.xslt
		Setup.Aggregator\T2017.2.xslt = Setup.Aggregator\T2017.2.xslt
		Setup.Aggregator\T2017.xslt = Setup.Aggregator\T2017.xslt
		Setup.Aggregator\T2018.xslt = Setup.Aggregator\T2018.xslt
		Setup.Aggregator\T2019.xslt = Setup.Aggregator\T2019.xslt
	EndProjectSection
EndProject
Project("{2150E333-8FDC-42A3-9474-1A3956D46DE8}") = "FilesToInstall", "FilesToInstall", "{61340591-23E3-4B33-9E23-8669CBC235A9}"
	ProjectSection(SolutionItems) = preProject
		Setup.Aggregator\AggregatorBanner.Bmp = Setup.Aggregator\AggregatorBanner.Bmp
		Setup.Aggregator\AggregatorDialog.Bmp = Setup.Aggregator\AggregatorDialog.Bmp
		Setup.Aggregator\LICENSE-2.0.rtf = Setup.Aggregator\LICENSE-2.0.rtf
	EndProjectSection
EndProject
Project("{2150E333-8FDC-42A3-9474-1A3956D46DE8}") = "2015.1", "2015.1", "{62159E5E-940C-4B19-8859-4CF1BBDCA2E5}"
	ProjectSection(SolutionItems) = preProject
		References\2015.1\config.targets = References\2015.1\config.targets
		References\2015.1\PLACEHOLDER.txt = References\2015.1\PLACEHOLDER.txt
	EndProjectSection
EndProject
Project("{2150E333-8FDC-42A3-9474-1A3956D46DE8}") = "2015.2", "2015.2", "{4AB78AF9-73DE-4353-AA18-DC6102320316}"
	ProjectSection(SolutionItems) = preProject
		References\2015.2\config.targets = References\2015.2\config.targets
		References\2015.2\PLACEHOLDER.txt = References\2015.2\PLACEHOLDER.txt
	EndProjectSection
EndProject
Project("{2150E333-8FDC-42A3-9474-1A3956D46DE8}") = "2017", "2017", "{7FD49A72-358A-4796-BA98-0DAD3B9392C9}"
	ProjectSection(SolutionItems) = preProject
		References\2017\config.targets = References\2017\config.targets
		References\2017\PLACEHOLDER.txt = References\2017\PLACEHOLDER.txt
	EndProjectSection
EndProject
Project("{2150E333-8FDC-42A3-9474-1A3956D46DE8}") = "2017.2", "2017.2", "{217E53FA-4EB1-491B-8FC5-37DAD9E80425}"
	ProjectSection(SolutionItems) = preProject
		References\2017.2\config.targets = References\2017.2\config.targets
		References\2017.2\PLACEHOLDER.txt = References\2017.2\PLACEHOLDER.txt
	EndProjectSection
EndProject
Project("{2150E333-8FDC-42A3-9474-1A3956D46DE8}") = "2018", "2018", "{31B965A5-CE60-4551-96F2-CBA7124E46A0}"
	ProjectSection(SolutionItems) = preProject
		References\2018\config.targets = References\2018\config.targets
		References\2018\PLACEHOLDER.txt = References\2018\PLACEHOLDER.txt
	EndProjectSection
EndProject
Project("{9A19103F-16F7-4668-BE54-9A1E7A4F7556}") = "Aggregator.Core", "Aggregator.Core\Aggregator.Core\Aggregator.Core.csproj", "{FEA76835-61B3-4FC7-9D6F-50D39A7A8258}"
EndProject
Project("{9A19103F-16F7-4668-BE54-9A1E7A4F7556}") = "UnitTests.Core", "Aggregator.Core\UnitTests.Core\UnitTests.Core.csproj", "{D8C3CC34-8057-4FDA-AE91-07A5223A7B68}"
EndProject
Project("{2150E333-8FDC-42A3-9474-1A3956D46DE8}") = "2019", "2019", "{7ABB70BA-A92B-4F3A-9223-AC6D56E74007}"
	ProjectSection(SolutionItems) = preProject
		References\2019\config.targets = References\2019\config.targets
		References\2019\PLACEHOLDER.txt = References\2019\PLACEHOLDER.txt
	EndProjectSection
EndProject
Global
	GlobalSection(SolutionConfigurationPlatforms) = preSolution
		Debug-2013|Any CPU = Debug-2013|Any CPU
		Debug-2013|ia64 = Debug-2013|ia64
		Debug-2015.1|Any CPU = Debug-2015.1|Any CPU
		Debug-2015.1|ia64 = Debug-2015.1|ia64
		Debug-2015.2|Any CPU = Debug-2015.2|Any CPU
		Debug-2015.2|ia64 = Debug-2015.2|ia64
		Debug-2015|Any CPU = Debug-2015|Any CPU
		Debug-2015|ia64 = Debug-2015|ia64
		Debug-2017.2|Any CPU = Debug-2017.2|Any CPU
		Debug-2017.2|ia64 = Debug-2017.2|ia64
		Debug-2017|Any CPU = Debug-2017|Any CPU
		Debug-2017|ia64 = Debug-2017|ia64
		Debug-2018|Any CPU = Debug-2018|Any CPU
		Debug-2018|ia64 = Debug-2018|ia64
		Debug-2019|Any CPU = Debug-2019|Any CPU
		Debug-2019|ia64 = Debug-2019|ia64
		Release-2013|Any CPU = Release-2013|Any CPU
		Release-2013|ia64 = Release-2013|ia64
		Release-2015.1|Any CPU = Release-2015.1|Any CPU
		Release-2015.1|ia64 = Release-2015.1|ia64
		Release-2015.2|Any CPU = Release-2015.2|Any CPU
		Release-2015.2|ia64 = Release-2015.2|ia64
		Release-2015|Any CPU = Release-2015|Any CPU
		Release-2015|ia64 = Release-2015|ia64
		Release-2017.2|Any CPU = Release-2017.2|Any CPU
		Release-2017.2|ia64 = Release-2017.2|ia64
		Release-2017|Any CPU = Release-2017|Any CPU
		Release-2017|ia64 = Release-2017|ia64
		Release-2018|Any CPU = Release-2018|Any CPU
		Release-2018|ia64 = Release-2018|ia64
		Release-2019|Any CPU = Release-2019|Any CPU
		Release-2019|ia64 = Release-2019|ia64
	EndGlobalSection
	GlobalSection(ProjectConfigurationPlatforms) = postSolution
		{D0AD5141-0772-4FFA-8B55-DF3BA4429E4E}.Debug-2013|Any CPU.ActiveCfg = Debug-2013|Any CPU
		{D0AD5141-0772-4FFA-8B55-DF3BA4429E4E}.Debug-2013|Any CPU.Build.0 = Debug-2013|Any CPU
		{D0AD5141-0772-4FFA-8B55-DF3BA4429E4E}.Debug-2013|ia64.ActiveCfg = Debug-2013|Any CPU
		{D0AD5141-0772-4FFA-8B55-DF3BA4429E4E}.Debug-2013|ia64.Build.0 = Debug-2013|Any CPU
		{D0AD5141-0772-4FFA-8B55-DF3BA4429E4E}.Debug-2015.1|Any CPU.ActiveCfg = Debug-2015.1|Any CPU
		{D0AD5141-0772-4FFA-8B55-DF3BA4429E4E}.Debug-2015.1|Any CPU.Build.0 = Debug-2015.1|Any CPU
		{D0AD5141-0772-4FFA-8B55-DF3BA4429E4E}.Debug-2015.1|ia64.ActiveCfg = Debug-2015.1|Any CPU
		{D0AD5141-0772-4FFA-8B55-DF3BA4429E4E}.Debug-2015.1|ia64.Build.0 = Debug-2015.1|Any CPU
		{D0AD5141-0772-4FFA-8B55-DF3BA4429E4E}.Debug-2015.2|Any CPU.ActiveCfg = Debug-2015.2|Any CPU
		{D0AD5141-0772-4FFA-8B55-DF3BA4429E4E}.Debug-2015.2|Any CPU.Build.0 = Debug-2015.2|Any CPU
		{D0AD5141-0772-4FFA-8B55-DF3BA4429E4E}.Debug-2015.2|ia64.ActiveCfg = Debug-2015.2|Any CPU
		{D0AD5141-0772-4FFA-8B55-DF3BA4429E4E}.Debug-2015.2|ia64.Build.0 = Debug-2015.2|Any CPU
		{D0AD5141-0772-4FFA-8B55-DF3BA4429E4E}.Debug-2015|Any CPU.ActiveCfg = Debug-2015|Any CPU
		{D0AD5141-0772-4FFA-8B55-DF3BA4429E4E}.Debug-2015|Any CPU.Build.0 = Debug-2015|Any CPU
		{D0AD5141-0772-4FFA-8B55-DF3BA4429E4E}.Debug-2015|ia64.ActiveCfg = Debug-2015|Any CPU
		{D0AD5141-0772-4FFA-8B55-DF3BA4429E4E}.Debug-2015|ia64.Build.0 = Debug-2015|Any CPU
		{D0AD5141-0772-4FFA-8B55-DF3BA4429E4E}.Debug-2017.2|Any CPU.ActiveCfg = Debug-2017.2|Any CPU
		{D0AD5141-0772-4FFA-8B55-DF3BA4429E4E}.Debug-2017.2|Any CPU.Build.0 = Debug-2017.2|Any CPU
		{D0AD5141-0772-4FFA-8B55-DF3BA4429E4E}.Debug-2017.2|ia64.ActiveCfg = Debug-2017.2|Any CPU
		{D0AD5141-0772-4FFA-8B55-DF3BA4429E4E}.Debug-2017.2|ia64.Build.0 = Debug-2017.2|Any CPU
		{D0AD5141-0772-4FFA-8B55-DF3BA4429E4E}.Debug-2017|Any CPU.ActiveCfg = Debug-2017|Any CPU
		{D0AD5141-0772-4FFA-8B55-DF3BA4429E4E}.Debug-2017|Any CPU.Build.0 = Debug-2017|Any CPU
		{D0AD5141-0772-4FFA-8B55-DF3BA4429E4E}.Debug-2017|ia64.ActiveCfg = Debug-2017|Any CPU
		{D0AD5141-0772-4FFA-8B55-DF3BA4429E4E}.Debug-2017|ia64.Build.0 = Debug-2017|Any CPU
		{D0AD5141-0772-4FFA-8B55-DF3BA4429E4E}.Debug-2018|Any CPU.ActiveCfg = Debug-2018|Any CPU
		{D0AD5141-0772-4FFA-8B55-DF3BA4429E4E}.Debug-2018|Any CPU.Build.0 = Debug-2018|Any CPU
		{D0AD5141-0772-4FFA-8B55-DF3BA4429E4E}.Debug-2018|ia64.ActiveCfg = Debug-2018|Any CPU
		{D0AD5141-0772-4FFA-8B55-DF3BA4429E4E}.Debug-2018|ia64.Build.0 = Debug-2018|Any CPU
		{D0AD5141-0772-4FFA-8B55-DF3BA4429E4E}.Debug-2019|Any CPU.ActiveCfg = Debug-2019|Any CPU
		{D0AD5141-0772-4FFA-8B55-DF3BA4429E4E}.Debug-2019|Any CPU.Build.0 = Debug-2019|Any CPU
		{D0AD5141-0772-4FFA-8B55-DF3BA4429E4E}.Debug-2019|ia64.ActiveCfg = Debug-2019|Any CPU
		{D0AD5141-0772-4FFA-8B55-DF3BA4429E4E}.Release-2013|Any CPU.ActiveCfg = Release-2013|Any CPU
		{D0AD5141-0772-4FFA-8B55-DF3BA4429E4E}.Release-2013|Any CPU.Build.0 = Release-2013|Any CPU
		{D0AD5141-0772-4FFA-8B55-DF3BA4429E4E}.Release-2013|ia64.ActiveCfg = Release-2013|Any CPU
		{D0AD5141-0772-4FFA-8B55-DF3BA4429E4E}.Release-2013|ia64.Build.0 = Release-2013|Any CPU
		{D0AD5141-0772-4FFA-8B55-DF3BA4429E4E}.Release-2015.1|Any CPU.ActiveCfg = Release-2015.1|Any CPU
		{D0AD5141-0772-4FFA-8B55-DF3BA4429E4E}.Release-2015.1|Any CPU.Build.0 = Release-2015.1|Any CPU
		{D0AD5141-0772-4FFA-8B55-DF3BA4429E4E}.Release-2015.1|ia64.ActiveCfg = Release-2015.1|Any CPU
		{D0AD5141-0772-4FFA-8B55-DF3BA4429E4E}.Release-2015.1|ia64.Build.0 = Release-2015.1|Any CPU
		{D0AD5141-0772-4FFA-8B55-DF3BA4429E4E}.Release-2015.2|Any CPU.ActiveCfg = Release-2015.2|Any CPU
		{D0AD5141-0772-4FFA-8B55-DF3BA4429E4E}.Release-2015.2|Any CPU.Build.0 = Release-2015.2|Any CPU
		{D0AD5141-0772-4FFA-8B55-DF3BA4429E4E}.Release-2015.2|ia64.ActiveCfg = Release-2015.2|Any CPU
		{D0AD5141-0772-4FFA-8B55-DF3BA4429E4E}.Release-2015.2|ia64.Build.0 = Release-2015.2|Any CPU
		{D0AD5141-0772-4FFA-8B55-DF3BA4429E4E}.Release-2015|Any CPU.ActiveCfg = Release-2015|Any CPU
		{D0AD5141-0772-4FFA-8B55-DF3BA4429E4E}.Release-2015|Any CPU.Build.0 = Release-2015|Any CPU
		{D0AD5141-0772-4FFA-8B55-DF3BA4429E4E}.Release-2015|ia64.ActiveCfg = Release-2015|Any CPU
		{D0AD5141-0772-4FFA-8B55-DF3BA4429E4E}.Release-2015|ia64.Build.0 = Release-2015|Any CPU
		{D0AD5141-0772-4FFA-8B55-DF3BA4429E4E}.Release-2017.2|Any CPU.ActiveCfg = Release-2017.2|Any CPU
		{D0AD5141-0772-4FFA-8B55-DF3BA4429E4E}.Release-2017.2|Any CPU.Build.0 = Release-2017.2|Any CPU
		{D0AD5141-0772-4FFA-8B55-DF3BA4429E4E}.Release-2017.2|ia64.ActiveCfg = Release-2017.2|Any CPU
		{D0AD5141-0772-4FFA-8B55-DF3BA4429E4E}.Release-2017.2|ia64.Build.0 = Release-2017.2|Any CPU
		{D0AD5141-0772-4FFA-8B55-DF3BA4429E4E}.Release-2017|Any CPU.ActiveCfg = Release-2017|Any CPU
		{D0AD5141-0772-4FFA-8B55-DF3BA4429E4E}.Release-2017|Any CPU.Build.0 = Release-2017|Any CPU
		{D0AD5141-0772-4FFA-8B55-DF3BA4429E4E}.Release-2017|ia64.ActiveCfg = Release-2017|Any CPU
		{D0AD5141-0772-4FFA-8B55-DF3BA4429E4E}.Release-2017|ia64.Build.0 = Release-2017|Any CPU
		{D0AD5141-0772-4FFA-8B55-DF3BA4429E4E}.Release-2018|Any CPU.ActiveCfg = Release-2018|Any CPU
		{D0AD5141-0772-4FFA-8B55-DF3BA4429E4E}.Release-2018|Any CPU.Build.0 = Release-2018|Any CPU
		{D0AD5141-0772-4FFA-8B55-DF3BA4429E4E}.Release-2018|ia64.ActiveCfg = Release-2018|Any CPU
		{D0AD5141-0772-4FFA-8B55-DF3BA4429E4E}.Release-2018|ia64.Build.0 = Release-2018|Any CPU
		{D0AD5141-0772-4FFA-8B55-DF3BA4429E4E}.Release-2019|Any CPU.ActiveCfg = Release-2019|Any CPU
		{D0AD5141-0772-4FFA-8B55-DF3BA4429E4E}.Release-2019|Any CPU.Build.0 = Release-2019|Any CPU
		{D0AD5141-0772-4FFA-8B55-DF3BA4429E4E}.Release-2019|ia64.ActiveCfg = Release-2019|Any CPU
		{200CF240-476E-4429-A8FC-66001806A2DE}.Debug-2013|Any CPU.ActiveCfg = Debug-2013|Any CPU
		{200CF240-476E-4429-A8FC-66001806A2DE}.Debug-2013|Any CPU.Build.0 = Debug-2013|Any CPU
		{200CF240-476E-4429-A8FC-66001806A2DE}.Debug-2013|ia64.ActiveCfg = Debug-2013|Any CPU
		{200CF240-476E-4429-A8FC-66001806A2DE}.Debug-2013|ia64.Build.0 = Debug-2013|Any CPU
		{200CF240-476E-4429-A8FC-66001806A2DE}.Debug-2015.1|Any CPU.ActiveCfg = Debug-2015.1|Any CPU
		{200CF240-476E-4429-A8FC-66001806A2DE}.Debug-2015.1|Any CPU.Build.0 = Debug-2015.1|Any CPU
		{200CF240-476E-4429-A8FC-66001806A2DE}.Debug-2015.1|ia64.ActiveCfg = Debug-2015.1|Any CPU
		{200CF240-476E-4429-A8FC-66001806A2DE}.Debug-2015.1|ia64.Build.0 = Debug-2015.1|Any CPU
		{200CF240-476E-4429-A8FC-66001806A2DE}.Debug-2015.2|Any CPU.ActiveCfg = Debug-2015.2|Any CPU
		{200CF240-476E-4429-A8FC-66001806A2DE}.Debug-2015.2|Any CPU.Build.0 = Debug-2015.2|Any CPU
		{200CF240-476E-4429-A8FC-66001806A2DE}.Debug-2015.2|ia64.ActiveCfg = Debug-2015.2|Any CPU
		{200CF240-476E-4429-A8FC-66001806A2DE}.Debug-2015.2|ia64.Build.0 = Debug-2015.2|Any CPU
		{200CF240-476E-4429-A8FC-66001806A2DE}.Debug-2015|Any CPU.ActiveCfg = Debug-2015|Any CPU
		{200CF240-476E-4429-A8FC-66001806A2DE}.Debug-2015|Any CPU.Build.0 = Debug-2015|Any CPU
		{200CF240-476E-4429-A8FC-66001806A2DE}.Debug-2015|ia64.ActiveCfg = Debug-2015|Any CPU
		{200CF240-476E-4429-A8FC-66001806A2DE}.Debug-2015|ia64.Build.0 = Debug-2015|Any CPU
		{200CF240-476E-4429-A8FC-66001806A2DE}.Debug-2017.2|Any CPU.ActiveCfg = Debug-2017.2|Any CPU
		{200CF240-476E-4429-A8FC-66001806A2DE}.Debug-2017.2|Any CPU.Build.0 = Debug-2017.2|Any CPU
		{200CF240-476E-4429-A8FC-66001806A2DE}.Debug-2017.2|ia64.ActiveCfg = Debug-2017.2|Any CPU
		{200CF240-476E-4429-A8FC-66001806A2DE}.Debug-2017.2|ia64.Build.0 = Debug-2017.2|Any CPU
		{200CF240-476E-4429-A8FC-66001806A2DE}.Debug-2017|Any CPU.ActiveCfg = Debug-2017|Any CPU
		{200CF240-476E-4429-A8FC-66001806A2DE}.Debug-2017|Any CPU.Build.0 = Debug-2017|Any CPU
		{200CF240-476E-4429-A8FC-66001806A2DE}.Debug-2017|ia64.ActiveCfg = Debug-2017|Any CPU
		{200CF240-476E-4429-A8FC-66001806A2DE}.Debug-2017|ia64.Build.0 = Debug-2017|Any CPU
		{200CF240-476E-4429-A8FC-66001806A2DE}.Debug-2018|Any CPU.ActiveCfg = Debug-2018|Any CPU
		{200CF240-476E-4429-A8FC-66001806A2DE}.Debug-2018|Any CPU.Build.0 = Debug-2018|Any CPU
		{200CF240-476E-4429-A8FC-66001806A2DE}.Debug-2018|ia64.ActiveCfg = Debug-2018|Any CPU
		{200CF240-476E-4429-A8FC-66001806A2DE}.Debug-2018|ia64.Build.0 = Debug-2018|Any CPU
		{200CF240-476E-4429-A8FC-66001806A2DE}.Debug-2019|Any CPU.ActiveCfg = Debug-2019|Any CPU
		{200CF240-476E-4429-A8FC-66001806A2DE}.Debug-2019|Any CPU.Build.0 = Debug-2019|Any CPU
		{200CF240-476E-4429-A8FC-66001806A2DE}.Debug-2019|ia64.ActiveCfg = Debug-2019|Any CPU
		{200CF240-476E-4429-A8FC-66001806A2DE}.Release-2013|Any CPU.ActiveCfg = Release-2013|Any CPU
		{200CF240-476E-4429-A8FC-66001806A2DE}.Release-2013|Any CPU.Build.0 = Release-2013|Any CPU
		{200CF240-476E-4429-A8FC-66001806A2DE}.Release-2013|ia64.ActiveCfg = Release-2013|Any CPU
		{200CF240-476E-4429-A8FC-66001806A2DE}.Release-2013|ia64.Build.0 = Release-2013|Any CPU
		{200CF240-476E-4429-A8FC-66001806A2DE}.Release-2015.1|Any CPU.ActiveCfg = Release-2015.1|Any CPU
		{200CF240-476E-4429-A8FC-66001806A2DE}.Release-2015.1|Any CPU.Build.0 = Release-2015.1|Any CPU
		{200CF240-476E-4429-A8FC-66001806A2DE}.Release-2015.1|ia64.ActiveCfg = Release-2015.1|Any CPU
		{200CF240-476E-4429-A8FC-66001806A2DE}.Release-2015.1|ia64.Build.0 = Release-2015.1|Any CPU
		{200CF240-476E-4429-A8FC-66001806A2DE}.Release-2015.2|Any CPU.ActiveCfg = Release-2015.2|Any CPU
		{200CF240-476E-4429-A8FC-66001806A2DE}.Release-2015.2|Any CPU.Build.0 = Release-2015.2|Any CPU
		{200CF240-476E-4429-A8FC-66001806A2DE}.Release-2015.2|ia64.ActiveCfg = Release-2015.2|Any CPU
		{200CF240-476E-4429-A8FC-66001806A2DE}.Release-2015.2|ia64.Build.0 = Release-2015.2|Any CPU
		{200CF240-476E-4429-A8FC-66001806A2DE}.Release-2015|Any CPU.ActiveCfg = Release-2015|Any CPU
		{200CF240-476E-4429-A8FC-66001806A2DE}.Release-2015|Any CPU.Build.0 = Release-2015|Any CPU
		{200CF240-476E-4429-A8FC-66001806A2DE}.Release-2015|ia64.ActiveCfg = Release-2015|Any CPU
		{200CF240-476E-4429-A8FC-66001806A2DE}.Release-2015|ia64.Build.0 = Release-2015|Any CPU
		{200CF240-476E-4429-A8FC-66001806A2DE}.Release-2017.2|Any CPU.ActiveCfg = Release-2017.2|Any CPU
		{200CF240-476E-4429-A8FC-66001806A2DE}.Release-2017.2|Any CPU.Build.0 = Release-2017.2|Any CPU
		{200CF240-476E-4429-A8FC-66001806A2DE}.Release-2017.2|ia64.ActiveCfg = Release-2017.2|Any CPU
		{200CF240-476E-4429-A8FC-66001806A2DE}.Release-2017.2|ia64.Build.0 = Release-2017.2|Any CPU
		{200CF240-476E-4429-A8FC-66001806A2DE}.Release-2017|Any CPU.ActiveCfg = Release-2017|Any CPU
		{200CF240-476E-4429-A8FC-66001806A2DE}.Release-2017|Any CPU.Build.0 = Release-2017|Any CPU
		{200CF240-476E-4429-A8FC-66001806A2DE}.Release-2017|ia64.ActiveCfg = Release-2017|Any CPU
		{200CF240-476E-4429-A8FC-66001806A2DE}.Release-2017|ia64.Build.0 = Release-2017|Any CPU
		{200CF240-476E-4429-A8FC-66001806A2DE}.Release-2018|Any CPU.ActiveCfg = Release-2018|Any CPU
		{200CF240-476E-4429-A8FC-66001806A2DE}.Release-2018|Any CPU.Build.0 = Release-2018|Any CPU
		{200CF240-476E-4429-A8FC-66001806A2DE}.Release-2018|ia64.ActiveCfg = Release-2018|Any CPU
		{200CF240-476E-4429-A8FC-66001806A2DE}.Release-2018|ia64.Build.0 = Release-2018|Any CPU
		{200CF240-476E-4429-A8FC-66001806A2DE}.Release-2019|Any CPU.ActiveCfg = Release-2019|Any CPU
		{200CF240-476E-4429-A8FC-66001806A2DE}.Release-2019|Any CPU.Build.0 = Release-2019|Any CPU
		{200CF240-476E-4429-A8FC-66001806A2DE}.Release-2019|ia64.ActiveCfg = Release-2019|Any CPU
		{FEA76835-61B3-4FC7-9D6F-50D39A7A8258}.Debug-2013|Any CPU.ActiveCfg = Debug-2013|Any CPU
		{FEA76835-61B3-4FC7-9D6F-50D39A7A8258}.Debug-2013|Any CPU.Build.0 = Debug-2013|Any CPU
		{FEA76835-61B3-4FC7-9D6F-50D39A7A8258}.Debug-2013|ia64.ActiveCfg = Debug-2013|Any CPU
		{FEA76835-61B3-4FC7-9D6F-50D39A7A8258}.Debug-2013|ia64.Build.0 = Debug-2013|Any CPU
		{FEA76835-61B3-4FC7-9D6F-50D39A7A8258}.Debug-2015.1|Any CPU.ActiveCfg = Debug-2015.1|Any CPU
		{FEA76835-61B3-4FC7-9D6F-50D39A7A8258}.Debug-2015.1|Any CPU.Build.0 = Debug-2015.1|Any CPU
		{FEA76835-61B3-4FC7-9D6F-50D39A7A8258}.Debug-2015.1|ia64.ActiveCfg = Debug-2015.1|Any CPU
		{FEA76835-61B3-4FC7-9D6F-50D39A7A8258}.Debug-2015.1|ia64.Build.0 = Debug-2015.1|Any CPU
		{FEA76835-61B3-4FC7-9D6F-50D39A7A8258}.Debug-2015.2|Any CPU.ActiveCfg = Debug-2015.2|Any CPU
		{FEA76835-61B3-4FC7-9D6F-50D39A7A8258}.Debug-2015.2|Any CPU.Build.0 = Debug-2015.2|Any CPU
		{FEA76835-61B3-4FC7-9D6F-50D39A7A8258}.Debug-2015.2|ia64.ActiveCfg = Debug-2015.2|Any CPU
		{FEA76835-61B3-4FC7-9D6F-50D39A7A8258}.Debug-2015.2|ia64.Build.0 = Debug-2015.2|Any CPU
		{FEA76835-61B3-4FC7-9D6F-50D39A7A8258}.Debug-2015|Any CPU.ActiveCfg = Debug-2015|Any CPU
		{FEA76835-61B3-4FC7-9D6F-50D39A7A8258}.Debug-2015|Any CPU.Build.0 = Debug-2015|Any CPU
		{FEA76835-61B3-4FC7-9D6F-50D39A7A8258}.Debug-2015|ia64.ActiveCfg = Debug-2015|Any CPU
		{FEA76835-61B3-4FC7-9D6F-50D39A7A8258}.Debug-2015|ia64.Build.0 = Debug-2015|Any CPU
		{FEA76835-61B3-4FC7-9D6F-50D39A7A8258}.Debug-2017.2|Any CPU.ActiveCfg = Debug-2017.2|Any CPU
		{FEA76835-61B3-4FC7-9D6F-50D39A7A8258}.Debug-2017.2|Any CPU.Build.0 = Debug-2017.2|Any CPU
		{FEA76835-61B3-4FC7-9D6F-50D39A7A8258}.Debug-2017.2|ia64.ActiveCfg = Debug-2017.2|Any CPU
		{FEA76835-61B3-4FC7-9D6F-50D39A7A8258}.Debug-2017.2|ia64.Build.0 = Debug-2017.2|Any CPU
		{FEA76835-61B3-4FC7-9D6F-50D39A7A8258}.Debug-2017|Any CPU.ActiveCfg = Debug-2017|Any CPU
		{FEA76835-61B3-4FC7-9D6F-50D39A7A8258}.Debug-2017|Any CPU.Build.0 = Debug-2017|Any CPU
		{FEA76835-61B3-4FC7-9D6F-50D39A7A8258}.Debug-2017|ia64.ActiveCfg = Debug-2017|Any CPU
		{FEA76835-61B3-4FC7-9D6F-50D39A7A8258}.Debug-2017|ia64.Build.0 = Debug-2017|Any CPU
		{FEA76835-61B3-4FC7-9D6F-50D39A7A8258}.Debug-2018|Any CPU.ActiveCfg = Debug-2018|Any CPU
		{FEA76835-61B3-4FC7-9D6F-50D39A7A8258}.Debug-2018|Any CPU.Build.0 = Debug-2018|Any CPU
		{FEA76835-61B3-4FC7-9D6F-50D39A7A8258}.Debug-2018|ia64.ActiveCfg = Debug-2018|Any CPU
		{FEA76835-61B3-4FC7-9D6F-50D39A7A8258}.Debug-2018|ia64.Build.0 = Debug-2018|Any CPU
		{FEA76835-61B3-4FC7-9D6F-50D39A7A8258}.Debug-2019|Any CPU.ActiveCfg = Debug-2019|Any CPU
		{FEA76835-61B3-4FC7-9D6F-50D39A7A8258}.Debug-2019|Any CPU.Build.0 = Debug-2019|Any CPU
		{FEA76835-61B3-4FC7-9D6F-50D39A7A8258}.Debug-2019|ia64.ActiveCfg = Debug-2019|Any CPU
		{FEA76835-61B3-4FC7-9D6F-50D39A7A8258}.Release-2013|Any CPU.ActiveCfg = Release-2013|Any CPU
		{FEA76835-61B3-4FC7-9D6F-50D39A7A8258}.Release-2013|Any CPU.Build.0 = Release-2013|Any CPU
		{FEA76835-61B3-4FC7-9D6F-50D39A7A8258}.Release-2013|ia64.ActiveCfg = Release-2013|Any CPU
		{FEA76835-61B3-4FC7-9D6F-50D39A7A8258}.Release-2013|ia64.Build.0 = Release-2013|Any CPU
		{FEA76835-61B3-4FC7-9D6F-50D39A7A8258}.Release-2015.1|Any CPU.ActiveCfg = Release-2015.1|Any CPU
		{FEA76835-61B3-4FC7-9D6F-50D39A7A8258}.Release-2015.1|Any CPU.Build.0 = Release-2015.1|Any CPU
		{FEA76835-61B3-4FC7-9D6F-50D39A7A8258}.Release-2015.1|ia64.ActiveCfg = Release-2015.1|Any CPU
		{FEA76835-61B3-4FC7-9D6F-50D39A7A8258}.Release-2015.1|ia64.Build.0 = Release-2015.1|Any CPU
		{FEA76835-61B3-4FC7-9D6F-50D39A7A8258}.Release-2015.2|Any CPU.ActiveCfg = Release-2015.2|Any CPU
		{FEA76835-61B3-4FC7-9D6F-50D39A7A8258}.Release-2015.2|Any CPU.Build.0 = Release-2015.2|Any CPU
		{FEA76835-61B3-4FC7-9D6F-50D39A7A8258}.Release-2015.2|ia64.ActiveCfg = Release-2015.2|Any CPU
		{FEA76835-61B3-4FC7-9D6F-50D39A7A8258}.Release-2015.2|ia64.Build.0 = Release-2015.2|Any CPU
		{FEA76835-61B3-4FC7-9D6F-50D39A7A8258}.Release-2015|Any CPU.ActiveCfg = Release-2015|Any CPU
		{FEA76835-61B3-4FC7-9D6F-50D39A7A8258}.Release-2015|Any CPU.Build.0 = Release-2015|Any CPU
		{FEA76835-61B3-4FC7-9D6F-50D39A7A8258}.Release-2015|ia64.ActiveCfg = Release-2015|Any CPU
		{FEA76835-61B3-4FC7-9D6F-50D39A7A8258}.Release-2015|ia64.Build.0 = Release-2015|Any CPU
		{FEA76835-61B3-4FC7-9D6F-50D39A7A8258}.Release-2017.2|Any CPU.ActiveCfg = Release-2017.2|Any CPU
		{FEA76835-61B3-4FC7-9D6F-50D39A7A8258}.Release-2017.2|Any CPU.Build.0 = Release-2017.2|Any CPU
		{FEA76835-61B3-4FC7-9D6F-50D39A7A8258}.Release-2017.2|ia64.ActiveCfg = Release-2017.2|Any CPU
		{FEA76835-61B3-4FC7-9D6F-50D39A7A8258}.Release-2017.2|ia64.Build.0 = Release-2017.2|Any CPU
		{FEA76835-61B3-4FC7-9D6F-50D39A7A8258}.Release-2017|Any CPU.ActiveCfg = Release-2017|Any CPU
		{FEA76835-61B3-4FC7-9D6F-50D39A7A8258}.Release-2017|Any CPU.Build.0 = Release-2017|Any CPU
		{FEA76835-61B3-4FC7-9D6F-50D39A7A8258}.Release-2017|ia64.ActiveCfg = Release-2017|Any CPU
		{FEA76835-61B3-4FC7-9D6F-50D39A7A8258}.Release-2017|ia64.Build.0 = Release-2017|Any CPU
		{FEA76835-61B3-4FC7-9D6F-50D39A7A8258}.Release-2018|Any CPU.ActiveCfg = Release-2018|Any CPU
		{FEA76835-61B3-4FC7-9D6F-50D39A7A8258}.Release-2018|Any CPU.Build.0 = Release-2018|Any CPU
		{FEA76835-61B3-4FC7-9D6F-50D39A7A8258}.Release-2018|ia64.ActiveCfg = Release-2018|Any CPU
		{FEA76835-61B3-4FC7-9D6F-50D39A7A8258}.Release-2018|ia64.Build.0 = Release-2018|Any CPU
		{FEA76835-61B3-4FC7-9D6F-50D39A7A8258}.Release-2019|Any CPU.ActiveCfg = Release-2019|Any CPU
		{FEA76835-61B3-4FC7-9D6F-50D39A7A8258}.Release-2019|Any CPU.Build.0 = Release-2019|Any CPU
		{FEA76835-61B3-4FC7-9D6F-50D39A7A8258}.Release-2019|ia64.ActiveCfg = Release-2019|Any CPU
		{D8C3CC34-8057-4FDA-AE91-07A5223A7B68}.Debug-2013|Any CPU.ActiveCfg = Debug-2013|Any CPU
		{D8C3CC34-8057-4FDA-AE91-07A5223A7B68}.Debug-2013|Any CPU.Build.0 = Debug-2013|Any CPU
		{D8C3CC34-8057-4FDA-AE91-07A5223A7B68}.Debug-2013|ia64.ActiveCfg = Debug-2013|Any CPU
		{D8C3CC34-8057-4FDA-AE91-07A5223A7B68}.Debug-2013|ia64.Build.0 = Debug-2013|Any CPU
		{D8C3CC34-8057-4FDA-AE91-07A5223A7B68}.Debug-2015.1|Any CPU.ActiveCfg = Debug-2015.1|Any CPU
		{D8C3CC34-8057-4FDA-AE91-07A5223A7B68}.Debug-2015.1|Any CPU.Build.0 = Debug-2015.1|Any CPU
		{D8C3CC34-8057-4FDA-AE91-07A5223A7B68}.Debug-2015.1|ia64.ActiveCfg = Debug-2015.1|Any CPU
		{D8C3CC34-8057-4FDA-AE91-07A5223A7B68}.Debug-2015.1|ia64.Build.0 = Debug-2015.1|Any CPU
		{D8C3CC34-8057-4FDA-AE91-07A5223A7B68}.Debug-2015.2|Any CPU.ActiveCfg = Debug-2015.2|Any CPU
		{D8C3CC34-8057-4FDA-AE91-07A5223A7B68}.Debug-2015.2|Any CPU.Build.0 = Debug-2015.2|Any CPU
		{D8C3CC34-8057-4FDA-AE91-07A5223A7B68}.Debug-2015.2|ia64.ActiveCfg = Debug-2015.2|Any CPU
		{D8C3CC34-8057-4FDA-AE91-07A5223A7B68}.Debug-2015.2|ia64.Build.0 = Debug-2015.2|Any CPU
		{D8C3CC34-8057-4FDA-AE91-07A5223A7B68}.Debug-2015|Any CPU.ActiveCfg = Debug-2015|Any CPU
		{D8C3CC34-8057-4FDA-AE91-07A5223A7B68}.Debug-2015|Any CPU.Build.0 = Debug-2015|Any CPU
		{D8C3CC34-8057-4FDA-AE91-07A5223A7B68}.Debug-2015|ia64.ActiveCfg = Debug-2015|Any CPU
		{D8C3CC34-8057-4FDA-AE91-07A5223A7B68}.Debug-2015|ia64.Build.0 = Debug-2015|Any CPU
		{D8C3CC34-8057-4FDA-AE91-07A5223A7B68}.Debug-2017.2|Any CPU.ActiveCfg = Debug-2017.2|Any CPU
		{D8C3CC34-8057-4FDA-AE91-07A5223A7B68}.Debug-2017.2|Any CPU.Build.0 = Debug-2017.2|Any CPU
		{D8C3CC34-8057-4FDA-AE91-07A5223A7B68}.Debug-2017.2|ia64.ActiveCfg = Debug-2017.2|Any CPU
		{D8C3CC34-8057-4FDA-AE91-07A5223A7B68}.Debug-2017.2|ia64.Build.0 = Debug-2017.2|Any CPU
		{D8C3CC34-8057-4FDA-AE91-07A5223A7B68}.Debug-2017|Any CPU.ActiveCfg = Debug-2017|Any CPU
		{D8C3CC34-8057-4FDA-AE91-07A5223A7B68}.Debug-2017|Any CPU.Build.0 = Debug-2017|Any CPU
		{D8C3CC34-8057-4FDA-AE91-07A5223A7B68}.Debug-2017|ia64.ActiveCfg = Debug-2017|Any CPU
		{D8C3CC34-8057-4FDA-AE91-07A5223A7B68}.Debug-2017|ia64.Build.0 = Debug-2017|Any CPU
		{D8C3CC34-8057-4FDA-AE91-07A5223A7B68}.Debug-2018|Any CPU.ActiveCfg = Debug-2018|Any CPU
		{D8C3CC34-8057-4FDA-AE91-07A5223A7B68}.Debug-2018|Any CPU.Build.0 = Debug-2018|Any CPU
		{D8C3CC34-8057-4FDA-AE91-07A5223A7B68}.Debug-2018|ia64.ActiveCfg = Debug-2018|Any CPU
		{D8C3CC34-8057-4FDA-AE91-07A5223A7B68}.Debug-2018|ia64.Build.0 = Debug-2018|Any CPU
		{D8C3CC34-8057-4FDA-AE91-07A5223A7B68}.Debug-2019|Any CPU.ActiveCfg = Debug-2019|Any CPU
		{D8C3CC34-8057-4FDA-AE91-07A5223A7B68}.Debug-2019|Any CPU.Build.0 = Debug-2019|Any CPU
		{D8C3CC34-8057-4FDA-AE91-07A5223A7B68}.Debug-2019|ia64.ActiveCfg = Debug-2019|Any CPU
		{D8C3CC34-8057-4FDA-AE91-07A5223A7B68}.Debug-2019|ia64.Build.0 = Debug-2019|Any CPU
		{D8C3CC34-8057-4FDA-AE91-07A5223A7B68}.Release-2013|Any CPU.ActiveCfg = Release-2013|Any CPU
		{D8C3CC34-8057-4FDA-AE91-07A5223A7B68}.Release-2013|Any CPU.Build.0 = Release-2013|Any CPU
		{D8C3CC34-8057-4FDA-AE91-07A5223A7B68}.Release-2013|ia64.ActiveCfg = Release-2013|Any CPU
		{D8C3CC34-8057-4FDA-AE91-07A5223A7B68}.Release-2013|ia64.Build.0 = Release-2013|Any CPU
		{D8C3CC34-8057-4FDA-AE91-07A5223A7B68}.Release-2015.1|Any CPU.ActiveCfg = Release-2015.1|Any CPU
		{D8C3CC34-8057-4FDA-AE91-07A5223A7B68}.Release-2015.1|Any CPU.Build.0 = Release-2015.1|Any CPU
		{D8C3CC34-8057-4FDA-AE91-07A5223A7B68}.Release-2015.1|ia64.ActiveCfg = Release-2015.1|Any CPU
		{D8C3CC34-8057-4FDA-AE91-07A5223A7B68}.Release-2015.1|ia64.Build.0 = Release-2015.1|Any CPU
		{D8C3CC34-8057-4FDA-AE91-07A5223A7B68}.Release-2015.2|Any CPU.ActiveCfg = Release-2015.2|Any CPU
		{D8C3CC34-8057-4FDA-AE91-07A5223A7B68}.Release-2015.2|Any CPU.Build.0 = Release-2015.2|Any CPU
		{D8C3CC34-8057-4FDA-AE91-07A5223A7B68}.Release-2015.2|ia64.ActiveCfg = Release-2015.2|Any CPU
		{D8C3CC34-8057-4FDA-AE91-07A5223A7B68}.Release-2015.2|ia64.Build.0 = Release-2015.2|Any CPU
		{D8C3CC34-8057-4FDA-AE91-07A5223A7B68}.Release-2015|Any CPU.ActiveCfg = Release-2015|Any CPU
		{D8C3CC34-8057-4FDA-AE91-07A5223A7B68}.Release-2015|Any CPU.Build.0 = Release-2015|Any CPU
		{D8C3CC34-8057-4FDA-AE91-07A5223A7B68}.Release-2015|ia64.ActiveCfg = Release-2015|Any CPU
		{D8C3CC34-8057-4FDA-AE91-07A5223A7B68}.Release-2015|ia64.Build.0 = Release-2015|Any CPU
		{D8C3CC34-8057-4FDA-AE91-07A5223A7B68}.Release-2017.2|Any CPU.ActiveCfg = Release-2017.2|Any CPU
		{D8C3CC34-8057-4FDA-AE91-07A5223A7B68}.Release-2017.2|Any CPU.Build.0 = Release-2017.2|Any CPU
		{D8C3CC34-8057-4FDA-AE91-07A5223A7B68}.Release-2017.2|ia64.ActiveCfg = Release-2017.2|Any CPU
		{D8C3CC34-8057-4FDA-AE91-07A5223A7B68}.Release-2017.2|ia64.Build.0 = Release-2017.2|Any CPU
		{D8C3CC34-8057-4FDA-AE91-07A5223A7B68}.Release-2017|Any CPU.ActiveCfg = Release-2017|Any CPU
		{D8C3CC34-8057-4FDA-AE91-07A5223A7B68}.Release-2017|Any CPU.Build.0 = Release-2017|Any CPU
		{D8C3CC34-8057-4FDA-AE91-07A5223A7B68}.Release-2017|ia64.ActiveCfg = Release-2017|Any CPU
		{D8C3CC34-8057-4FDA-AE91-07A5223A7B68}.Release-2017|ia64.Build.0 = Release-2017|Any CPU
		{D8C3CC34-8057-4FDA-AE91-07A5223A7B68}.Release-2018|Any CPU.ActiveCfg = Release-2018|Any CPU
		{D8C3CC34-8057-4FDA-AE91-07A5223A7B68}.Release-2018|Any CPU.Build.0 = Release-2018|Any CPU
		{D8C3CC34-8057-4FDA-AE91-07A5223A7B68}.Release-2018|ia64.ActiveCfg = Release-2018|Any CPU
		{D8C3CC34-8057-4FDA-AE91-07A5223A7B68}.Release-2018|ia64.Build.0 = Release-2018|Any CPU
		{D8C3CC34-8057-4FDA-AE91-07A5223A7B68}.Release-2019|Any CPU.ActiveCfg = Release-2019|Any CPU
		{D8C3CC34-8057-4FDA-AE91-07A5223A7B68}.Release-2019|Any CPU.Build.0 = Release-2019|Any CPU
		{D8C3CC34-8057-4FDA-AE91-07A5223A7B68}.Release-2019|ia64.ActiveCfg = Release-2019|Any CPU
		{D8C3CC34-8057-4FDA-AE91-07A5223A7B68}.Release-2019|ia64.Build.0 = Release-2019|Any CPU
	EndGlobalSection
	GlobalSection(SolutionProperties) = preSolution
		HideSolutionNode = FALSE
	EndGlobalSection
	GlobalSection(NestedProjects) = preSolution
		{17EF831E-EB65-431C-B398-4FED5CA44F98} = {B1913F70-5A32-4EAE-BDD2-0C46295656A6}
		{79BBE553-2E3E-4D63-9369-4BDC30523FF1} = {6D32EAB0-0194-408F-91EB-B2E2E0125C3E}
		{14D62C28-52D1-4267-A40A-80D31A5135CA} = {6D32EAB0-0194-408F-91EB-B2E2E0125C3E}
		{EAB2B1DE-FCBF-49F0-9BB8-E29F709E4002} = {E56DE6FC-74A4-4865-BFAD-8F330BC5618F}
		{61340591-23E3-4B33-9E23-8669CBC235A9} = {E56DE6FC-74A4-4865-BFAD-8F330BC5618F}
		{62159E5E-940C-4B19-8859-4CF1BBDCA2E5} = {6D32EAB0-0194-408F-91EB-B2E2E0125C3E}
		{4AB78AF9-73DE-4353-AA18-DC6102320316} = {6D32EAB0-0194-408F-91EB-B2E2E0125C3E}
		{7FD49A72-358A-4796-BA98-0DAD3B9392C9} = {6D32EAB0-0194-408F-91EB-B2E2E0125C3E}
		{217E53FA-4EB1-491B-8FC5-37DAD9E80425} = {6D32EAB0-0194-408F-91EB-B2E2E0125C3E}
		{31B965A5-CE60-4551-96F2-CBA7124E46A0} = {6D32EAB0-0194-408F-91EB-B2E2E0125C3E}
		{7ABB70BA-A92B-4F3A-9223-AC6D56E74007} = {6D32EAB0-0194-408F-91EB-B2E2E0125C3E}
	EndGlobalSection
	GlobalSection(ExtensibilityGlobals) = postSolution
		SolutionGuid = {FACA6935-6994-4B21-A728-7EC005911974}
	EndGlobalSection
EndGlobal
