
Microsoft Visual Studio Solution File, Format Version 12.00
# Visual Studio 14
VisualStudioVersion = 14.0.24606.1
MinimumVisualStudioVersion = 10.0.40219.1
Project("{FAE04EC0-301F-11D3-BF4B-00C04F79EFBC}") = "Aggregator.Core", "Aggregator.Core\Aggregator.Core.csproj", "{FEA76835-61B3-4FC7-9D6F-50D39A7A8258}"
EndProject
Project("{FAE04EC0-301F-11D3-BF4B-00C04F79EFBC}") = "Aggregator.ServerPlugin", "Aggregator.ServerPlugin\Aggregator.ServerPlugin.csproj", "{D0AD5141-0772-4FFA-8B55-DF3BA4429E4E}"
EndProject
Project("{FAE04EC0-301F-11D3-BF4B-00C04F79EFBC}") = "UnitTests.Core", "UnitTests.Core\UnitTests.Core.csproj", "{D8C3CC34-8057-4FDA-AE91-07A5223A7B68}"
EndProject
Project("{2150E333-8FDC-42A3-9474-1A3956D46DE8}") = "build", "build", "{B94443D9-A5EE-4114-9C4F-F5C6B5401731}"
	ProjectSection(SolutionItems) = preProject
		appveyor.yml = appveyor.yml
		AssemblyVersion.cs = AssemblyVersion.cs
		install.ps1 = install.ps1
		TfsAggregator.ico = TfsAggregator.ico
		tfsaggregator.svg = tfsaggregator.svg
		uninstall.ps1 = uninstall.ps1
	EndProjectSection
EndProject
Project("{2150E333-8FDC-42A3-9474-1A3956D46DE8}") = "docs", "docs", "{E0E7919C-5F01-45CC-A758-C3AF34F32F16}"
	ProjectSection(SolutionItems) = preProject
		docs\Console-App.md = docs\Console-App.md
		docs\Developer-Info.md = docs\Developer-Info.md
		docs\Install.md = docs\Install.md
		LICENSE-2.0.txt = LICENSE-2.0.txt
		docs\Policy-Examples.md = docs\Policy-Examples.md
		docs\Policy-Syntax.md = docs\Policy-Syntax.md
		README.md = README.md
		docs\Scripting.md = docs\Scripting.md
		docs\Troubleshooting.md = docs\Troubleshooting.md
		docs\Upgrade-from-v1.md = docs\Upgrade-from-v1.md
	EndProjectSection
EndProject
Project("{2150E333-8FDC-42A3-9474-1A3956D46DE8}") = "references", "references", "{6D32EAB0-0194-408F-91EB-B2E2E0125C3E}"
	ProjectSection(SolutionItems) = preProject
		References\TfsReferences.target = References\TfsReferences.target
	EndProjectSection
EndProject
Project("{2150E333-8FDC-42A3-9474-1A3956D46DE8}") = "samples", "samples", "{B1913F70-5A32-4EAE-BDD2-0C46295656A6}"
	ProjectSection(SolutionItems) = preProject
		samples\TFSAggregator2.ServerPlugin.policies = samples\TFSAggregator2.ServerPlugin.policies
	EndProjectSection
EndProject
Project("{FAE04EC0-301F-11D3-BF4B-00C04F79EFBC}") = "Aggregator.ConsoleApp", "Aggregator.ConsoleApp\Aggregator.ConsoleApp.csproj", "{200CF240-476E-4429-A8FC-66001806A2DE}"
EndProject
Project("{2150E333-8FDC-42A3-9474-1A3956D46DE8}") = "SimpleRollup", "SimpleRollup", "{17EF831E-EB65-431C-B398-4FED5CA44F98}"
	ProjectSection(SolutionItems) = preProject
		samples\SimpleRollup\install.ps1 = samples\SimpleRollup\install.ps1
		samples\SimpleRollup\Requirement.xml = samples\SimpleRollup\Requirement.xml
		samples\SimpleRollup\Simple rollup sample.md = samples\SimpleRollup\Simple rollup sample.md
		UnitTests.Core\ConfigurationsForTests\SimpleRollup.policies = UnitTests.Core\ConfigurationsForTests\SimpleRollup.policies
	EndProjectSection
EndProject
Project("{2150E333-8FDC-42A3-9474-1A3956D46DE8}") = "Solution Items", "Solution Items", "{4EA36F79-382E-479C-9717-26F2292D1D72}"
	ProjectSection(SolutionItems) = preProject
		.gitignore = .gitignore
		TFS-Aggregator-2.ruleset = TFS-Aggregator-2.ruleset
		TFS-Aggregator-2.sln.DotSettings = TFS-Aggregator-2.sln.DotSettings
		TFS-Aggregator-2.sln.GhostDoc.xml = TFS-Aggregator-2.sln.GhostDoc.xml
	EndProjectSection
EndProject
Project("{2150E333-8FDC-42A3-9474-1A3956D46DE8}") = "2013", "2013", "{79BBE553-2E3E-4D63-9369-4BDC30523FF1}"
	ProjectSection(SolutionItems) = preProject
		References\2013\PLACEHOLDER.txt = References\2013\PLACEHOLDER.txt
	EndProjectSection
EndProject
Project("{2150E333-8FDC-42A3-9474-1A3956D46DE8}") = "2015", "2015", "{14D62C28-52D1-4267-A40A-80D31A5135CA}"
	ProjectSection(SolutionItems) = preProject
		References\2015\PLACEHOLDER.txt = References\2015\PLACEHOLDER.txt
	EndProjectSection
EndProject
Project("{2150E333-8FDC-42A3-9474-1A3956D46DE8}") = "Manual Tests", "Manual Tests", "{F3D416A1-D97C-44C7-856B-99E12DBB1D94}"
	ProjectSection(SolutionItems) = preProject
		ManualTests\allInOne.policies = ManualTests\allInOne.policies
		ManualTests\CascadeAndTrigger.policies = ManualTests\CascadeAndTrigger.policies
		ManualTests\History.policies = ManualTests\History.policies
		ManualTests\SimpleRollup.policies = ManualTests\SimpleRollup.policies
	EndProjectSection
EndProject
Project("{FAE04EC0-301F-11D3-BF4B-00C04F79EFBC}") = "ManualTests", "ManualTests\ManualTests.csproj", "{9435D73C-6B29-463F-9B79-CD78E75FBA11}"
EndProject
Global
	GlobalSection(SolutionConfigurationPlatforms) = preSolution
		Debug|Any CPU = Debug|Any CPU
		Debug-2013|Any CPU = Debug-2013|Any CPU
		Debug-2015.1|Any CPU = Debug-2015.1|Any CPU
		Debug-2015|Any CPU = Debug-2015|Any CPU
		Release|Any CPU = Release|Any CPU
		Release-2013|Any CPU = Release-2013|Any CPU
		Release-2015.1|Any CPU = Release-2015.1|Any CPU
		Release-2015|Any CPU = Release-2015|Any CPU
	EndGlobalSection
	GlobalSection(ProjectConfigurationPlatforms) = postSolution
		{FEA76835-61B3-4FC7-9D6F-50D39A7A8258}.Debug|Any CPU.ActiveCfg = Debug-2015|Any CPU
		{FEA76835-61B3-4FC7-9D6F-50D39A7A8258}.Debug|Any CPU.Build.0 = Debug-2015|Any CPU
		{FEA76835-61B3-4FC7-9D6F-50D39A7A8258}.Debug-2013|Any CPU.ActiveCfg = Debug-2013|Any CPU
		{FEA76835-61B3-4FC7-9D6F-50D39A7A8258}.Debug-2013|Any CPU.Build.0 = Debug-2013|Any CPU
		{FEA76835-61B3-4FC7-9D6F-50D39A7A8258}.Debug-2015.1|Any CPU.ActiveCfg = Debug-2015.1|Any CPU
		{FEA76835-61B3-4FC7-9D6F-50D39A7A8258}.Debug-2015.1|Any CPU.Build.0 = Debug-2015.1|Any CPU
		{FEA76835-61B3-4FC7-9D6F-50D39A7A8258}.Debug-2015|Any CPU.ActiveCfg = Debug-2015|Any CPU
		{FEA76835-61B3-4FC7-9D6F-50D39A7A8258}.Debug-2015|Any CPU.Build.0 = Debug-2015|Any CPU
		{FEA76835-61B3-4FC7-9D6F-50D39A7A8258}.Release|Any CPU.ActiveCfg = Release-2015|Any CPU
		{FEA76835-61B3-4FC7-9D6F-50D39A7A8258}.Release|Any CPU.Build.0 = Release-2015|Any CPU
		{FEA76835-61B3-4FC7-9D6F-50D39A7A8258}.Release-2013|Any CPU.ActiveCfg = Release-2013|Any CPU
		{FEA76835-61B3-4FC7-9D6F-50D39A7A8258}.Release-2013|Any CPU.Build.0 = Release-2013|Any CPU
		{FEA76835-61B3-4FC7-9D6F-50D39A7A8258}.Release-2015.1|Any CPU.ActiveCfg = Release-2015.1|Any CPU
		{FEA76835-61B3-4FC7-9D6F-50D39A7A8258}.Release-2015.1|Any CPU.Build.0 = Release-2015.1|Any CPU
		{FEA76835-61B3-4FC7-9D6F-50D39A7A8258}.Release-2015|Any CPU.ActiveCfg = Release-2015|Any CPU
		{FEA76835-61B3-4FC7-9D6F-50D39A7A8258}.Release-2015|Any CPU.Build.0 = Release-2015|Any CPU
		{D0AD5141-0772-4FFA-8B55-DF3BA4429E4E}.Debug|Any CPU.ActiveCfg = Debug-2015|Any CPU
		{D0AD5141-0772-4FFA-8B55-DF3BA4429E4E}.Debug|Any CPU.Build.0 = Debug-2015|Any CPU
		{D0AD5141-0772-4FFA-8B55-DF3BA4429E4E}.Debug-2013|Any CPU.ActiveCfg = Debug-2013|Any CPU
		{D0AD5141-0772-4FFA-8B55-DF3BA4429E4E}.Debug-2013|Any CPU.Build.0 = Debug-2013|Any CPU
		{D0AD5141-0772-4FFA-8B55-DF3BA4429E4E}.Debug-2015.1|Any CPU.ActiveCfg = Debug-2015.1|Any CPU
		{D0AD5141-0772-4FFA-8B55-DF3BA4429E4E}.Debug-2015.1|Any CPU.Build.0 = Debug-2015.1|Any CPU
		{D0AD5141-0772-4FFA-8B55-DF3BA4429E4E}.Debug-2015|Any CPU.ActiveCfg = Debug-2015|Any CPU
		{D0AD5141-0772-4FFA-8B55-DF3BA4429E4E}.Debug-2015|Any CPU.Build.0 = Debug-2015|Any CPU
		{D0AD5141-0772-4FFA-8B55-DF3BA4429E4E}.Release|Any CPU.ActiveCfg = Release-2015|Any CPU
		{D0AD5141-0772-4FFA-8B55-DF3BA4429E4E}.Release|Any CPU.Build.0 = Release-2015|Any CPU
		{D0AD5141-0772-4FFA-8B55-DF3BA4429E4E}.Release-2013|Any CPU.ActiveCfg = Release-2013|Any CPU
		{D0AD5141-0772-4FFA-8B55-DF3BA4429E4E}.Release-2013|Any CPU.Build.0 = Release-2013|Any CPU
		{D0AD5141-0772-4FFA-8B55-DF3BA4429E4E}.Release-2015.1|Any CPU.ActiveCfg = Release-2015.1|Any CPU
		{D0AD5141-0772-4FFA-8B55-DF3BA4429E4E}.Release-2015.1|Any CPU.Build.0 = Release-2015.1|Any CPU
		{D0AD5141-0772-4FFA-8B55-DF3BA4429E4E}.Release-2015|Any CPU.ActiveCfg = Release-2015|Any CPU
		{D0AD5141-0772-4FFA-8B55-DF3BA4429E4E}.Release-2015|Any CPU.Build.0 = Release-2015|Any CPU
		{D8C3CC34-8057-4FDA-AE91-07A5223A7B68}.Debug|Any CPU.ActiveCfg = Debug-2015|Any CPU
		{D8C3CC34-8057-4FDA-AE91-07A5223A7B68}.Debug|Any CPU.Build.0 = Debug-2015|Any CPU
		{D8C3CC34-8057-4FDA-AE91-07A5223A7B68}.Debug-2013|Any CPU.ActiveCfg = Debug-2013|Any CPU
		{D8C3CC34-8057-4FDA-AE91-07A5223A7B68}.Debug-2013|Any CPU.Build.0 = Debug-2013|Any CPU
		{D8C3CC34-8057-4FDA-AE91-07A5223A7B68}.Debug-2015.1|Any CPU.ActiveCfg = Debug-2015.1|Any CPU
		{D8C3CC34-8057-4FDA-AE91-07A5223A7B68}.Debug-2015.1|Any CPU.Build.0 = Debug-2015.1|Any CPU
		{D8C3CC34-8057-4FDA-AE91-07A5223A7B68}.Debug-2015|Any CPU.ActiveCfg = Debug-2015|Any CPU
		{D8C3CC34-8057-4FDA-AE91-07A5223A7B68}.Debug-2015|Any CPU.Build.0 = Debug-2015|Any CPU
		{D8C3CC34-8057-4FDA-AE91-07A5223A7B68}.Release|Any CPU.ActiveCfg = Release-2015|Any CPU
		{D8C3CC34-8057-4FDA-AE91-07A5223A7B68}.Release|Any CPU.Build.0 = Release-2015|Any CPU
		{D8C3CC34-8057-4FDA-AE91-07A5223A7B68}.Release-2013|Any CPU.ActiveCfg = Release-2013|Any CPU
		{D8C3CC34-8057-4FDA-AE91-07A5223A7B68}.Release-2013|Any CPU.Build.0 = Release-2013|Any CPU
		{D8C3CC34-8057-4FDA-AE91-07A5223A7B68}.Release-2015.1|Any CPU.ActiveCfg = Release-2015.1|Any CPU
		{D8C3CC34-8057-4FDA-AE91-07A5223A7B68}.Release-2015.1|Any CPU.Build.0 = Release-2015.1|Any CPU
		{D8C3CC34-8057-4FDA-AE91-07A5223A7B68}.Release-2015|Any CPU.ActiveCfg = Release-2015|Any CPU
		{D8C3CC34-8057-4FDA-AE91-07A5223A7B68}.Release-2015|Any CPU.Build.0 = Release-2015|Any CPU
		{200CF240-476E-4429-A8FC-66001806A2DE}.Debug|Any CPU.ActiveCfg = Debug-2015|Any CPU
		{200CF240-476E-4429-A8FC-66001806A2DE}.Debug|Any CPU.Build.0 = Debug-2015|Any CPU
		{200CF240-476E-4429-A8FC-66001806A2DE}.Debug-2013|Any CPU.ActiveCfg = Debug-2013|Any CPU
		{200CF240-476E-4429-A8FC-66001806A2DE}.Debug-2013|Any CPU.Build.0 = Debug-2013|Any CPU
		{200CF240-476E-4429-A8FC-66001806A2DE}.Debug-2015.1|Any CPU.ActiveCfg = Debug-2015.1|Any CPU
		{200CF240-476E-4429-A8FC-66001806A2DE}.Debug-2015.1|Any CPU.Build.0 = Debug-2015.1|Any CPU
		{200CF240-476E-4429-A8FC-66001806A2DE}.Debug-2015|Any CPU.ActiveCfg = Debug-2015|Any CPU
		{200CF240-476E-4429-A8FC-66001806A2DE}.Debug-2015|Any CPU.Build.0 = Debug-2015|Any CPU
		{200CF240-476E-4429-A8FC-66001806A2DE}.Release|Any CPU.ActiveCfg = Release-2015|Any CPU
		{200CF240-476E-4429-A8FC-66001806A2DE}.Release|Any CPU.Build.0 = Release-2015|Any CPU
		{200CF240-476E-4429-A8FC-66001806A2DE}.Release-2013|Any CPU.ActiveCfg = Release-2013|Any CPU
		{200CF240-476E-4429-A8FC-66001806A2DE}.Release-2013|Any CPU.Build.0 = Release-2013|Any CPU
		{200CF240-476E-4429-A8FC-66001806A2DE}.Release-2015.1|Any CPU.ActiveCfg = Release-2015.1|Any CPU
		{200CF240-476E-4429-A8FC-66001806A2DE}.Release-2015.1|Any CPU.Build.0 = Release-2015.1|Any CPU
		{200CF240-476E-4429-A8FC-66001806A2DE}.Release-2015|Any CPU.ActiveCfg = Release-2015|Any CPU
		{200CF240-476E-4429-A8FC-66001806A2DE}.Release-2015|Any CPU.Build.0 = Release-2015|Any CPU
		{9435D73C-6B29-463F-9B79-CD78E75FBA11}.Debug|Any CPU.ActiveCfg = Debug|Any CPU
		{9435D73C-6B29-463F-9B79-CD78E75FBA11}.Debug|Any CPU.Build.0 = Debug|Any CPU
		{9435D73C-6B29-463F-9B79-CD78E75FBA11}.Debug-2013|Any CPU.ActiveCfg = Debug|Any CPU
		{9435D73C-6B29-463F-9B79-CD78E75FBA11}.Debug-2015.1|Any CPU.ActiveCfg = Debug-2015.1|Any CPU
		{9435D73C-6B29-463F-9B79-CD78E75FBA11}.Debug-2015|Any CPU.ActiveCfg = Debug|Any CPU
		{9435D73C-6B29-463F-9B79-CD78E75FBA11}.Release|Any CPU.ActiveCfg = Release|Any CPU
		{9435D73C-6B29-463F-9B79-CD78E75FBA11}.Release|Any CPU.Build.0 = Release|Any CPU
		{9435D73C-6B29-463F-9B79-CD78E75FBA11}.Release-2013|Any CPU.ActiveCfg = Release|Any CPU
		{9435D73C-6B29-463F-9B79-CD78E75FBA11}.Release-2015.1|Any CPU.ActiveCfg = Release-2015.1|Any CPU
		{9435D73C-6B29-463F-9B79-CD78E75FBA11}.Release-2015|Any CPU.ActiveCfg = Release|Any CPU
	EndGlobalSection
	GlobalSection(SolutionProperties) = preSolution
		HideSolutionNode = FALSE
	EndGlobalSection
	GlobalSection(NestedProjects) = preSolution
		{17EF831E-EB65-431C-B398-4FED5CA44F98} = {B1913F70-5A32-4EAE-BDD2-0C46295656A6}
		{79BBE553-2E3E-4D63-9369-4BDC30523FF1} = {6D32EAB0-0194-408F-91EB-B2E2E0125C3E}
		{14D62C28-52D1-4267-A40A-80D31A5135CA} = {6D32EAB0-0194-408F-91EB-B2E2E0125C3E}
	EndGlobalSection
EndGlobal
