
Microsoft Visual Studio Solution File, Format Version 11.00
# Visual Studio 2010
Project("{FAE04EC0-301F-11D3-BF4B-00C04F79EFBC}") = "TFSAggregator", "TFSAggregator.csproj", "{7ADA310D-ADD5-49FB-B590-CBAB76928F5D}"
EndProject
Global
	GlobalSection(TeamFoundationVersionControl) = preSolution
		SccNumberOfProjects = 2
		SccEnterpriseProvider = {4CA58AB2-18FA-4F8D-95D4-32DDF27D184C}
		SccTeamFoundationServer = https://tfs.codeplex.com/tfs/tfs19
		SccLocalPath0 = .
		SccProjectUniqueName1 = TFSAggregator.csproj
		SccLocalPath1 = .
	EndGlobalSection
	GlobalSection(SolutionConfigurationPlatforms) = preSolution
		Debug|Any CPU = Debug|Any CPU
		Release|Any CPU = Release|Any CPU
	EndGlobalSection
	GlobalSection(ProjectConfigurationPlatforms) = postSolution
		{7ADA310D-ADD5-49FB-B590-CBAB76928F5D}.Debug|Any CPU.ActiveCfg = Debug|Any CPU
		{7ADA310D-ADD5-49FB-B590-CBAB76928F5D}.Debug|Any CPU.Build.0 = Debug|Any CPU
		{7ADA310D-ADD5-49FB-B590-CBAB76928F5D}.Release|Any CPU.ActiveCfg = Release|Any CPU
		{7ADA310D-ADD5-49FB-B590-CBAB76928F5D}.Release|Any CPU.Build.0 = Release|Any CPU
	EndGlobalSection
	GlobalSection(SolutionProperties) = preSolution
		HideSolutionNode = FALSE
	EndGlobalSection
EndGlobal
